// !$*UTF8*$!
{
	archiveVersion = 1;
	classes = {
	};
	objectVersion = 46;
	objects = {

/* Begin PBXBuildFile section */
		3C1F3C421AE1FE8A009860F5 /* KSTabTableViewController.swift in Sources */ = {isa = PBXBuildFile; fileRef = 3C1F3C411AE1FE8A009860F5 /* KSTabTableViewController.swift */; };
		3C315F661ADF5F370040FF99 /* AppDelegate.swift in Sources */ = {isa = PBXBuildFile; fileRef = 3C315F651ADF5F370040FF99 /* AppDelegate.swift */; };
		3C315F681ADF5F370040FF99 /* HomeViewController.swift in Sources */ = {isa = PBXBuildFile; fileRef = 3C315F671ADF5F370040FF99 /* HomeViewController.swift */; };
		3C315F6A1ADF5F370040FF99 /* SearchViewController.swift in Sources */ = {isa = PBXBuildFile; fileRef = 3C315F691ADF5F370040FF99 /* SearchViewController.swift */; };
		3C315F6F1ADF5F370040FF99 /* Images.xcassets in Resources */ = {isa = PBXBuildFile; fileRef = 3C315F6E1ADF5F370040FF99 /* Images.xcassets */; };
		3C315F721ADF5F370040FF99 /* LaunchScreen.xib in Resources */ = {isa = PBXBuildFile; fileRef = 3C315F701ADF5F370040FF99 /* LaunchScreen.xib */; };
		3C315F7E1ADF5F370040FF99 /* PolyGeTests.swift in Sources */ = {isa = PBXBuildFile; fileRef = 3C315F7D1ADF5F370040FF99 /* PolyGeTests.swift */; };
		3C315F8A1ADF62E70040FF99 /* MessageViewController.swift in Sources */ = {isa = PBXBuildFile; fileRef = 3C315F891ADF62E70040FF99 /* MessageViewController.swift */; };
		3C315F8C1ADF63020040FF99 /* MeViewController.swift in Sources */ = {isa = PBXBuildFile; fileRef = 3C315F8B1ADF63020040FF99 /* MeViewController.swift */; };
		3C315F8F1ADF6D180040FF99 /* KSTableViewController.swift in Sources */ = {isa = PBXBuildFile; fileRef = 3C315F8E1ADF6D180040FF99 /* KSTableViewController.swift */; };
		3C33C2531AE2793F003041EB /* Main.storyboard in Resources */ = {isa = PBXBuildFile; fileRef = 3C33C2551AE2793F003041EB /* Main.storyboard */; };
		3C4D29E81AECADEC00DFC0F2 /* ChattingViewController.swift in Sources */ = {isa = PBXBuildFile; fileRef = 3C4D29E71AECADEC00DFC0F2 /* ChattingViewController.swift */; };
		3C5694781AF7A35B00E9BCB6 /* KSUserHelper.swift in Sources */ = {isa = PBXBuildFile; fileRef = 3C5694771AF7A35A00E9BCB6 /* KSUserHelper.swift */; };
		3C5694811AF7AF6F00E9BCB6 /* PolyGe.xcdatamodeld in Sources */ = {isa = PBXBuildFile; fileRef = 3C56947F1AF7AF6E00E9BCB6 /* PolyGe.xcdatamodeld */; };
		3C5694891AF7B67D00E9BCB6 /* Message.swift in Sources */ = {isa = PBXBuildFile; fileRef = 3C5694881AF7B67D00E9BCB6 /* Message.swift */; };
		3C56948B1AF7B67E00E9BCB6 /* User.swift in Sources */ = {isa = PBXBuildFile; fileRef = 3C56948A1AF7B67E00E9BCB6 /* User.swift */; };
		3C7A0B4B1AFF14BF00A369C1 /* DataContext.swift in Sources */ = {isa = PBXBuildFile; fileRef = 3C7A0B4A1AFF14BF00A369C1 /* DataContext.swift */; };
		3C7A7CC41AE63F9F00426583 /* TcpClientManager.swift in Sources */ = {isa = PBXBuildFile; fileRef = 3C7A7CC31AE63F9F00426583 /* TcpClientManager.swift */; };
		3C7A7CC61AE6407D00426583 /* NSStream.swift in Sources */ = {isa = PBXBuildFile; fileRef = 3C7A7CC51AE6407D00426583 /* NSStream.swift */; };
		3C7A7CC81AE64BE000426583 /* KSPlayAudioTableViewCell.swift in Sources */ = {isa = PBXBuildFile; fileRef = 3C7A7CC71AE64BE000426583 /* KSPlayAudioTableViewCell.swift */; };
		3C8AB8CB1AE2CA98001073B5 /* UIView.swift in Sources */ = {isa = PBXBuildFile; fileRef = 3C8AB8CA1AE2CA98001073B5 /* UIView.swift */; };
		3C8AB8CD1AE2CDBE001073B5 /* UIImage.swift in Sources */ = {isa = PBXBuildFile; fileRef = 3C8AB8CC1AE2CDBE001073B5 /* UIImage.swift */; };
		3C8DCD091AE246ED005216F2 /* Localizable.strings in Resources */ = {isa = PBXBuildFile; fileRef = 3C8DCD0B1AE246ED005216F2 /* Localizable.strings */; };
		3C8DCD1B1AE274A6005216F2 /* Info.plist in Resources */ = {isa = PBXBuildFile; fileRef = 3C8DCD1A1AE274A6005216F2 /* Info.plist */; };
		3C96BFF31AE8974D00DB857E /* KSDefault.swift in Sources */ = {isa = PBXBuildFile; fileRef = 3C96BFE81AE8974D00DB857E /* KSDefault.swift */; };
		3C97F5A61AE3AD1A00C21849 /* KSBaseEntity.swift in Sources */ = {isa = PBXBuildFile; fileRef = 3C97F5A51AE3AD1A00C21849 /* KSBaseEntity.swift */; };
		3C97F5A81AE3B55C00C21849 /* KSMessageEntity.swift in Sources */ = {isa = PBXBuildFile; fileRef = 3C97F5A71AE3B55C00C21849 /* KSMessageEntity.swift */; };
		3C97F5AA1AE3B7BF00C21849 /* KSChattingModule.swift in Sources */ = {isa = PBXBuildFile; fileRef = 3C97F5A91AE3B7BF00C21849 /* KSChattingModule.swift */; };
		3C97F5AF1AE4EBFC00C21849 /* KSLoginViewController.swift in Sources */ = {isa = PBXBuildFile; fileRef = 3C97F5AE1AE4EBFC00C21849 /* KSLoginViewController.swift */; };
		3C97F5B31AE4FA4D00C21849 /* LoginViewController.xib in Resources */ = {isa = PBXBuildFile; fileRef = 3C97F5B21AE4FA4D00C21849 /* LoginViewController.xib */; };
		3C97F5B51AE4FF8300C21849 /* NSUserDefaults.swift in Sources */ = {isa = PBXBuildFile; fileRef = 3C97F5B41AE4FF8300C21849 /* NSUserDefaults.swift */; };
		3C99705E1ADF9D2F00AF10E1 /* KSButton.swift in Sources */ = {isa = PBXBuildFile; fileRef = 3C99705D1ADF9D2F00AF10E1 /* KSButton.swift */; };
		3C9970601ADF9D4800AF10E1 /* Color.swift in Sources */ = {isa = PBXBuildFile; fileRef = 3C99705F1ADF9D4800AF10E1 /* Color.swift */; };
		3C9970621ADFBDB800AF10E1 /* KSLanguageTableViewCell.swift in Sources */ = {isa = PBXBuildFile; fileRef = 3C9970611ADFBDB800AF10E1 /* KSLanguageTableViewCell.swift */; };
		3C9970641ADFBFBE00AF10E1 /* MainStoryboard.swift in Sources */ = {isa = PBXBuildFile; fileRef = 3C9970631ADFBFBE00AF10E1 /* MainStoryboard.swift */; };
		3C9970661ADFEBC800AF10E1 /* KSPersonListViewController.swift in Sources */ = {isa = PBXBuildFile; fileRef = 3C9970651ADFEBC800AF10E1 /* KSPersonListViewController.swift */; };
		3C9970691ADFEEEF00AF10E1 /* RuntimeStatus.swift in Sources */ = {isa = PBXBuildFile; fileRef = 3C9970681ADFEEEF00AF10E1 /* RuntimeStatus.swift */; };
		3C99706B1AE0117800AF10E1 /* KSUserEntity.swift in Sources */ = {isa = PBXBuildFile; fileRef = 3C99706A1AE0117800AF10E1 /* KSUserEntity.swift */; };
		3C99706F1AE0158B00AF10E1 /* KSFrendListTableViewCell.swift in Sources */ = {isa = PBXBuildFile; fileRef = 3C99706E1AE0158B00AF10E1 /* KSFrendListTableViewCell.swift */; };
		3C9970711AE0159E00AF10E1 /* KSMessageListTableViewCell.swift in Sources */ = {isa = PBXBuildFile; fileRef = 3C9970701AE0159E00AF10E1 /* KSMessageListTableViewCell.swift */; };
		3C9970731AE0165400AF10E1 /* KSPersonListTableViewCell.swift in Sources */ = {isa = PBXBuildFile; fileRef = 3C9970721AE0165400AF10E1 /* KSPersonListTableViewCell.swift */; };
		3CB3DDDA1AF5F4AE00289E8B /* KSAVAudioPlayer.swift in Sources */ = {isa = PBXBuildFile; fileRef = 3CB3DDD11AF5F4AE00289E8B /* KSAVAudioPlayer.swift */; };
		3CB3DDDB1AF5F4AE00289E8B /* KSAVAudioRecorder.swift in Sources */ = {isa = PBXBuildFile; fileRef = 3CB3DDD21AF5F4AE00289E8B /* KSAVAudioRecorder.swift */; };
		3CB3DDDC1AF5F4AE00289E8B /* KSChatTableView.swift in Sources */ = {isa = PBXBuildFile; fileRef = 3CB3DDD31AF5F4AE00289E8B /* KSChatTableView.swift */; };
		3CB3DDDD1AF5F4AE00289E8B /* KSChattingViewController.swift in Sources */ = {isa = PBXBuildFile; fileRef = 3CB3DDD41AF5F4AE00289E8B /* KSChattingViewController.swift */; };
		3CB3DDDE1AF5F4AE00289E8B /* KSInputMessageView.swift in Sources */ = {isa = PBXBuildFile; fileRef = 3CB3DDD51AF5F4AE00289E8B /* KSInputMessageView.swift */; };
		3CB3DDE01AF5F4AE00289E8B /* KSMessageCell.swift in Sources */ = {isa = PBXBuildFile; fileRef = 3CB3DDD71AF5F4AE00289E8B /* KSMessageCell.swift */; };
		3CB3DDE11AF5F4AE00289E8B /* KSMessageContentView.swift in Sources */ = {isa = PBXBuildFile; fileRef = 3CB3DDD81AF5F4AE00289E8B /* KSMessageContentView.swift */; };
		3CB3DDE21AF5F4AE00289E8B /* KSProgressHUD.swift in Sources */ = {isa = PBXBuildFile; fileRef = 3CB3DDD91AF5F4AE00289E8B /* KSProgressHUD.swift */; };
		3CB3DDE41AF5F4CC00289E8B /* AF+Date+Extension.swift in Sources */ = {isa = PBXBuildFile; fileRef = 3CB3DDE31AF5F4CC00289E8B /* AF+Date+Extension.swift */; };
		3CB3DDFD1AF5F4EE00289E8B /* KMPlaceholderTextView.swift in Sources */ = {isa = PBXBuildFile; fileRef = 3CB3DDFC1AF5F4EE00289E8B /* KMPlaceholderTextView.swift */; };
		3CB3DE011AF5F52C00289E8B /* WActivityIndicator.swift in Sources */ = {isa = PBXBuildFile; fileRef = 3CB3DDFE1AF5F52C00289E8B /* WActivityIndicator.swift */; };
		3CB3DE021AF5F52C00289E8B /* WIndicator.swift in Sources */ = {isa = PBXBuildFile; fileRef = 3CB3DDFF1AF5F52C00289E8B /* WIndicator.swift */; };
		3CB3DE031AF5F52C00289E8B /* WIndicatorText.swift in Sources */ = {isa = PBXBuildFile; fileRef = 3CB3DE001AF5F52C00289E8B /* WIndicatorText.swift */; };
		3CBB19711AE0B8E60073B4C7 /* String.swift in Sources */ = {isa = PBXBuildFile; fileRef = 3CBB19701AE0B8E60073B4C7 /* String.swift */; };
		3CBB19731AE0CC4C0073B4C7 /* KSColor.swift in Sources */ = {isa = PBXBuildFile; fileRef = 3CBB19721AE0CC4C0073B4C7 /* KSColor.swift */; };
		3CCFF1521AE0AB0B00A2D13B /* KSPersonViewController.swift in Sources */ = {isa = PBXBuildFile; fileRef = 3CCFF1511AE0AB0B00A2D13B /* KSPersonViewController.swift */; };
		3CD8B7701AF6455700AA5122 /* KSPickerView.swift in Sources */ = {isa = PBXBuildFile; fileRef = 3CD8B76F1AF6455700AA5122 /* KSPickerView.swift */; };
		3CE4FFEF1AE5FD19005C200E /* LoginModule.swift in Sources */ = {isa = PBXBuildFile; fileRef = 3CE4FFEE1AE5FD19005C200E /* LoginModule.swift */; };
		3CE4FFF31AE6004C005C200E /* KSHttpServer.swift in Sources */ = {isa = PBXBuildFile; fileRef = 3CE4FFF21AE6004C005C200E /* KSHttpServer.swift */; };
		3CE4FFF51AE61E80005C200E /* KSTcpServer.swift in Sources */ = {isa = PBXBuildFile; fileRef = 3CE4FFF41AE61E80005C200E /* KSTcpServer.swift */; };
		3CE4FFF81AE61F3D005C200E /* KSNotificationHelp.swift in Sources */ = {isa = PBXBuildFile; fileRef = 3CE4FFF71AE61F3D005C200E /* KSNotificationHelp.swift */; };
		948B7BFE71AE837CC321AC05 /* Pods.framework in Frameworks */ = {isa = PBXBuildFile; fileRef = 751A4B5444DF40CB6C2FB822 /* Pods.framework */; settings = {ATTRIBUTES = (Weak, ); }; };
/* End PBXBuildFile section */

/* Begin PBXContainerItemProxy section */
		3C315F781ADF5F370040FF99 /* PBXContainerItemProxy */ = {
			isa = PBXContainerItemProxy;
			containerPortal = 3C315F581ADF5F360040FF99 /* Project object */;
			proxyType = 1;
			remoteGlobalIDString = 3C315F5F1ADF5F360040FF99;
			remoteInfo = PolyGe;
		};
/* End PBXContainerItemProxy section */

/* Begin PBXFileReference section */
		3C1F3C411AE1FE8A009860F5 /* KSTabTableViewController.swift */ = {isa = PBXFileReference; fileEncoding = 4; lastKnownFileType = sourcecode.swift; path = KSTabTableViewController.swift; sourceTree = "<group>"; };
		3C315F601ADF5F360040FF99 /* PolyGe.app */ = {isa = PBXFileReference; explicitFileType = wrapper.application; includeInIndex = 0; path = PolyGe.app; sourceTree = BUILT_PRODUCTS_DIR; };
		3C315F651ADF5F370040FF99 /* AppDelegate.swift */ = {isa = PBXFileReference; lastKnownFileType = sourcecode.swift; name = AppDelegate.swift; path = PolyGe/AppDelegate.swift; sourceTree = "<group>"; };
		3C315F671ADF5F370040FF99 /* HomeViewController.swift */ = {isa = PBXFileReference; lastKnownFileType = sourcecode.swift; path = HomeViewController.swift; sourceTree = "<group>"; };
		3C315F691ADF5F370040FF99 /* SearchViewController.swift */ = {isa = PBXFileReference; lastKnownFileType = sourcecode.swift; path = SearchViewController.swift; sourceTree = "<group>"; };
		3C315F6E1ADF5F370040FF99 /* Images.xcassets */ = {isa = PBXFileReference; lastKnownFileType = folder.assetcatalog; path = Images.xcassets; sourceTree = "<group>"; };
		3C315F771ADF5F370040FF99 /* PolyGeTests.xctest */ = {isa = PBXFileReference; explicitFileType = wrapper.cfbundle; includeInIndex = 0; path = PolyGeTests.xctest; sourceTree = BUILT_PRODUCTS_DIR; };
		3C315F7C1ADF5F370040FF99 /* Info.plist */ = {isa = PBXFileReference; lastKnownFileType = text.plist.xml; path = Info.plist; sourceTree = "<group>"; };
		3C315F7D1ADF5F370040FF99 /* PolyGeTests.swift */ = {isa = PBXFileReference; lastKnownFileType = sourcecode.swift; path = PolyGeTests.swift; sourceTree = "<group>"; };
		3C315F891ADF62E70040FF99 /* MessageViewController.swift */ = {isa = PBXFileReference; fileEncoding = 4; lastKnownFileType = sourcecode.swift; path = MessageViewController.swift; sourceTree = "<group>"; };
		3C315F8B1ADF63020040FF99 /* MeViewController.swift */ = {isa = PBXFileReference; fileEncoding = 4; lastKnownFileType = sourcecode.swift; path = MeViewController.swift; sourceTree = "<group>"; };
		3C315F8E1ADF6D180040FF99 /* KSTableViewController.swift */ = {isa = PBXFileReference; fileEncoding = 4; lastKnownFileType = sourcecode.swift; path = KSTableViewController.swift; sourceTree = "<group>"; };
		3C33C2541AE2793F003041EB /* Base */ = {isa = PBXFileReference; lastKnownFileType = file.storyboard; name = Base; path = Base.lproj/Main.storyboard; sourceTree = "<group>"; };
		3C4D29E71AECADEC00DFC0F2 /* ChattingViewController.swift */ = {isa = PBXFileReference; fileEncoding = 4; lastKnownFileType = sourcecode.swift; path = ChattingViewController.swift; sourceTree = "<group>"; };
		3C5694771AF7A35A00E9BCB6 /* KSUserHelper.swift */ = {isa = PBXFileReference; fileEncoding = 4; lastKnownFileType = sourcecode.swift; path = KSUserHelper.swift; sourceTree = "<group>"; };
		3C5694801AF7AF6F00E9BCB6 /* PolyGe.xcdatamodel */ = {isa = PBXFileReference; lastKnownFileType = wrapper.xcdatamodel; path = PolyGe.xcdatamodel; sourceTree = "<group>"; };
		3C5694881AF7B67D00E9BCB6 /* Message.swift */ = {isa = PBXFileReference; fileEncoding = 4; lastKnownFileType = sourcecode.swift; path = Message.swift; sourceTree = "<group>"; };
		3C56948A1AF7B67E00E9BCB6 /* User.swift */ = {isa = PBXFileReference; fileEncoding = 4; lastKnownFileType = sourcecode.swift; path = User.swift; sourceTree = "<group>"; };
		3C7A0B4A1AFF14BF00A369C1 /* DataContext.swift */ = {isa = PBXFileReference; fileEncoding = 4; lastKnownFileType = sourcecode.swift; path = DataContext.swift; sourceTree = "<group>"; };
		3C7A7CC31AE63F9F00426583 /* TcpClientManager.swift */ = {isa = PBXFileReference; fileEncoding = 4; lastKnownFileType = sourcecode.swift; path = TcpClientManager.swift; sourceTree = "<group>"; };
		3C7A7CC51AE6407D00426583 /* NSStream.swift */ = {isa = PBXFileReference; fileEncoding = 4; lastKnownFileType = sourcecode.swift; path = NSStream.swift; sourceTree = "<group>"; };
		3C7A7CC71AE64BE000426583 /* KSPlayAudioTableViewCell.swift */ = {isa = PBXFileReference; fileEncoding = 4; lastKnownFileType = sourcecode.swift; path = KSPlayAudioTableViewCell.swift; sourceTree = "<group>"; };
		3C8AB8CA1AE2CA98001073B5 /* UIView.swift */ = {isa = PBXFileReference; fileEncoding = 4; lastKnownFileType = sourcecode.swift; path = UIView.swift; sourceTree = "<group>"; };
		3C8AB8CC1AE2CDBE001073B5 /* UIImage.swift */ = {isa = PBXFileReference; fileEncoding = 4; lastKnownFileType = sourcecode.swift; path = UIImage.swift; sourceTree = "<group>"; };
		3C8DCD0A1AE246ED005216F2 /* en */ = {isa = PBXFileReference; lastKnownFileType = text.plist.strings; name = en; path = en.lproj/Localizable.strings; sourceTree = "<group>"; };
		3C8DCD111AE24835005216F2 /* zh-Hans */ = {isa = PBXFileReference; lastKnownFileType = text.plist.strings; name = "zh-Hans"; path = "zh-Hans.lproj/Localizable.strings"; sourceTree = "<group>"; };
		3C8DCD181AE24868005216F2 /* zh-Hans */ = {isa = PBXFileReference; lastKnownFileType = file.xib; name = "zh-Hans"; path = "zh-Hans.lproj/LaunchScreen.xib"; sourceTree = "<group>"; };
		3C8DCD191AE24868005216F2 /* en */ = {isa = PBXFileReference; lastKnownFileType = file.xib; name = en; path = en.lproj/LaunchScreen.xib; sourceTree = "<group>"; };
		3C8DCD1A1AE274A6005216F2 /* Info.plist */ = {isa = PBXFileReference; fileEncoding = 4; lastKnownFileType = text.plist.xml; path = Info.plist; sourceTree = "<group>"; };
		3C96BFE81AE8974D00DB857E /* KSDefault.swift */ = {isa = PBXFileReference; fileEncoding = 4; lastKnownFileType = sourcecode.swift; path = KSDefault.swift; sourceTree = "<group>"; };
		3C97F5A51AE3AD1A00C21849 /* KSBaseEntity.swift */ = {isa = PBXFileReference; fileEncoding = 4; lastKnownFileType = sourcecode.swift; path = KSBaseEntity.swift; sourceTree = "<group>"; };
		3C97F5A71AE3B55C00C21849 /* KSMessageEntity.swift */ = {isa = PBXFileReference; fileEncoding = 4; lastKnownFileType = sourcecode.swift; path = KSMessageEntity.swift; sourceTree = "<group>"; };
		3C97F5A91AE3B7BF00C21849 /* KSChattingModule.swift */ = {isa = PBXFileReference; fileEncoding = 4; lastKnownFileType = sourcecode.swift; path = KSChattingModule.swift; sourceTree = "<group>"; };
		3C97F5AE1AE4EBFC00C21849 /* KSLoginViewController.swift */ = {isa = PBXFileReference; fileEncoding = 4; lastKnownFileType = sourcecode.swift; path = KSLoginViewController.swift; sourceTree = "<group>"; };
		3C97F5B21AE4FA4D00C21849 /* LoginViewController.xib */ = {isa = PBXFileReference; fileEncoding = 4; lastKnownFileType = file.xib; path = LoginViewController.xib; sourceTree = "<group>"; };
		3C97F5B41AE4FF8300C21849 /* NSUserDefaults.swift */ = {isa = PBXFileReference; fileEncoding = 4; lastKnownFileType = sourcecode.swift; path = NSUserDefaults.swift; sourceTree = "<group>"; };
		3C99705D1ADF9D2F00AF10E1 /* KSButton.swift */ = {isa = PBXFileReference; fileEncoding = 4; lastKnownFileType = sourcecode.swift; path = KSButton.swift; sourceTree = "<group>"; };
		3C99705F1ADF9D4800AF10E1 /* Color.swift */ = {isa = PBXFileReference; fileEncoding = 4; lastKnownFileType = sourcecode.swift; path = Color.swift; sourceTree = "<group>"; };
		3C9970611ADFBDB800AF10E1 /* KSLanguageTableViewCell.swift */ = {isa = PBXFileReference; fileEncoding = 4; lastKnownFileType = sourcecode.swift; path = KSLanguageTableViewCell.swift; sourceTree = "<group>"; };
		3C9970631ADFBFBE00AF10E1 /* MainStoryboard.swift */ = {isa = PBXFileReference; fileEncoding = 4; lastKnownFileType = sourcecode.swift; path = MainStoryboard.swift; sourceTree = "<group>"; };
		3C9970651ADFEBC800AF10E1 /* KSPersonListViewController.swift */ = {isa = PBXFileReference; fileEncoding = 4; lastKnownFileType = sourcecode.swift; path = KSPersonListViewController.swift; sourceTree = "<group>"; };
		3C9970681ADFEEEF00AF10E1 /* RuntimeStatus.swift */ = {isa = PBXFileReference; fileEncoding = 4; lastKnownFileType = sourcecode.swift; path = RuntimeStatus.swift; sourceTree = "<group>"; };
		3C99706A1AE0117800AF10E1 /* KSUserEntity.swift */ = {isa = PBXFileReference; fileEncoding = 4; lastKnownFileType = sourcecode.swift; path = KSUserEntity.swift; sourceTree = "<group>"; };
		3C99706E1AE0158B00AF10E1 /* KSFrendListTableViewCell.swift */ = {isa = PBXFileReference; fileEncoding = 4; lastKnownFileType = sourcecode.swift; path = KSFrendListTableViewCell.swift; sourceTree = "<group>"; };
		3C9970701AE0159E00AF10E1 /* KSMessageListTableViewCell.swift */ = {isa = PBXFileReference; fileEncoding = 4; lastKnownFileType = sourcecode.swift; path = KSMessageListTableViewCell.swift; sourceTree = "<group>"; };
		3C9970721AE0165400AF10E1 /* KSPersonListTableViewCell.swift */ = {isa = PBXFileReference; fileEncoding = 4; lastKnownFileType = sourcecode.swift; path = KSPersonListTableViewCell.swift; sourceTree = "<group>"; };
		3CB3DDD11AF5F4AE00289E8B /* KSAVAudioPlayer.swift */ = {isa = PBXFileReference; fileEncoding = 4; lastKnownFileType = sourcecode.swift; name = KSAVAudioPlayer.swift; path = Vendors/KSAVAudioPlayer.swift; sourceTree = SOURCE_ROOT; };
		3CB3DDD21AF5F4AE00289E8B /* KSAVAudioRecorder.swift */ = {isa = PBXFileReference; fileEncoding = 4; lastKnownFileType = sourcecode.swift; name = KSAVAudioRecorder.swift; path = Vendors/KSAVAudioRecorder.swift; sourceTree = SOURCE_ROOT; };
		3CB3DDD31AF5F4AE00289E8B /* KSChatTableView.swift */ = {isa = PBXFileReference; fileEncoding = 4; lastKnownFileType = sourcecode.swift; name = KSChatTableView.swift; path = Vendors/KSChatTableView.swift; sourceTree = SOURCE_ROOT; };
		3CB3DDD41AF5F4AE00289E8B /* KSChattingViewController.swift */ = {isa = PBXFileReference; fileEncoding = 4; lastKnownFileType = sourcecode.swift; name = KSChattingViewController.swift; path = Vendors/KSChattingViewController.swift; sourceTree = SOURCE_ROOT; };
		3CB3DDD51AF5F4AE00289E8B /* KSInputMessageView.swift */ = {isa = PBXFileReference; fileEncoding = 4; lastKnownFileType = sourcecode.swift; name = KSInputMessageView.swift; path = Vendors/KSInputMessageView.swift; sourceTree = SOURCE_ROOT; };
		3CB3DDD71AF5F4AE00289E8B /* KSMessageCell.swift */ = {isa = PBXFileReference; fileEncoding = 4; lastKnownFileType = sourcecode.swift; name = KSMessageCell.swift; path = Vendors/KSMessageCell.swift; sourceTree = SOURCE_ROOT; };
		3CB3DDD81AF5F4AE00289E8B /* KSMessageContentView.swift */ = {isa = PBXFileReference; fileEncoding = 4; lastKnownFileType = sourcecode.swift; name = KSMessageContentView.swift; path = Vendors/KSMessageContentView.swift; sourceTree = SOURCE_ROOT; };
		3CB3DDD91AF5F4AE00289E8B /* KSProgressHUD.swift */ = {isa = PBXFileReference; fileEncoding = 4; lastKnownFileType = sourcecode.swift; name = KSProgressHUD.swift; path = Vendors/KSProgressHUD.swift; sourceTree = SOURCE_ROOT; };
		3CB3DDE31AF5F4CC00289E8B /* AF+Date+Extension.swift */ = {isa = PBXFileReference; fileEncoding = 4; lastKnownFileType = sourcecode.swift; name = "AF+Date+Extension.swift"; path = "Vendors/AF+Date+Extension.swift"; sourceTree = SOURCE_ROOT; };
		3CB3DDFC1AF5F4EE00289E8B /* KMPlaceholderTextView.swift */ = {isa = PBXFileReference; fileEncoding = 4; lastKnownFileType = sourcecode.swift; name = KMPlaceholderTextView.swift; path = Vendors/KMPlaceholderTextView.swift; sourceTree = SOURCE_ROOT; };
		3CB3DDFE1AF5F52C00289E8B /* WActivityIndicator.swift */ = {isa = PBXFileReference; fileEncoding = 4; lastKnownFileType = sourcecode.swift; name = WActivityIndicator.swift; path = Vendors/WActivityIndicator.swift; sourceTree = SOURCE_ROOT; };
		3CB3DDFF1AF5F52C00289E8B /* WIndicator.swift */ = {isa = PBXFileReference; fileEncoding = 4; lastKnownFileType = sourcecode.swift; name = WIndicator.swift; path = Vendors/WIndicator.swift; sourceTree = SOURCE_ROOT; };
		3CB3DE001AF5F52C00289E8B /* WIndicatorText.swift */ = {isa = PBXFileReference; fileEncoding = 4; lastKnownFileType = sourcecode.swift; name = WIndicatorText.swift; path = Vendors/WIndicatorText.swift; sourceTree = SOURCE_ROOT; };
		3CBB19701AE0B8E60073B4C7 /* String.swift */ = {isa = PBXFileReference; fileEncoding = 4; lastKnownFileType = sourcecode.swift; path = String.swift; sourceTree = "<group>"; };
		3CBB19721AE0CC4C0073B4C7 /* KSColor.swift */ = {isa = PBXFileReference; fileEncoding = 4; lastKnownFileType = sourcecode.swift; path = KSColor.swift; sourceTree = "<group>"; };
		3CBB19761AE14D440073B4C7 /* MyPlayground.playground */ = {isa = PBXFileReference; lastKnownFileType = file.playground; path = MyPlayground.playground; sourceTree = "<group>"; };
		3CC3B8401AE89CF20017227D /* PolyGe-Bridging-Header.h */ = {isa = PBXFileReference; lastKnownFileType = sourcecode.c.h; path = "PolyGe-Bridging-Header.h"; sourceTree = "<group>"; };
		3CCFF1511AE0AB0B00A2D13B /* KSPersonViewController.swift */ = {isa = PBXFileReference; fileEncoding = 4; lastKnownFileType = sourcecode.swift; path = KSPersonViewController.swift; sourceTree = "<group>"; };
		3CD8B76F1AF6455700AA5122 /* KSPickerView.swift */ = {isa = PBXFileReference; fileEncoding = 4; lastKnownFileType = sourcecode.swift; path = KSPickerView.swift; sourceTree = "<group>"; };
		3CE4FFEE1AE5FD19005C200E /* LoginModule.swift */ = {isa = PBXFileReference; fileEncoding = 4; lastKnownFileType = sourcecode.swift; path = LoginModule.swift; sourceTree = "<group>"; };
		3CE4FFF21AE6004C005C200E /* KSHttpServer.swift */ = {isa = PBXFileReference; fileEncoding = 4; lastKnownFileType = sourcecode.swift; path = KSHttpServer.swift; sourceTree = "<group>"; };
		3CE4FFF41AE61E80005C200E /* KSTcpServer.swift */ = {isa = PBXFileReference; fileEncoding = 4; lastKnownFileType = sourcecode.swift; path = KSTcpServer.swift; sourceTree = "<group>"; };
		3CE4FFF71AE61F3D005C200E /* KSNotificationHelp.swift */ = {isa = PBXFileReference; fileEncoding = 4; lastKnownFileType = sourcecode.swift; path = KSNotificationHelp.swift; sourceTree = "<group>"; };
		579B045C10844C1DCF15FCF1 /* Pods.release.xcconfig */ = {isa = PBXFileReference; includeInIndex = 1; lastKnownFileType = text.xcconfig; name = Pods.release.xcconfig; path = "Pods/Target Support Files/Pods/Pods.release.xcconfig"; sourceTree = "<group>"; };
		751A4B5444DF40CB6C2FB822 /* Pods.framework */ = {isa = PBXFileReference; explicitFileType = wrapper.framework; includeInIndex = 0; path = Pods.framework; sourceTree = BUILT_PRODUCTS_DIR; };
		AB89FF9BC148D0677E9181B0 /* Pods.debug.xcconfig */ = {isa = PBXFileReference; includeInIndex = 1; lastKnownFileType = text.xcconfig; name = Pods.debug.xcconfig; path = "Pods/Target Support Files/Pods/Pods.debug.xcconfig"; sourceTree = "<group>"; };
/* End PBXFileReference section */

/* Begin PBXFrameworksBuildPhase section */
		3C315F5D1ADF5F360040FF99 /* Frameworks */ = {
			isa = PBXFrameworksBuildPhase;
			buildActionMask = 2147483647;
			files = (
				948B7BFE71AE837CC321AC05 /* Pods.framework in Frameworks */,
			);
			runOnlyForDeploymentPostprocessing = 0;
		};
		3C315F741ADF5F370040FF99 /* Frameworks */ = {
			isa = PBXFrameworksBuildPhase;
			buildActionMask = 2147483647;
			files = (
			);
			runOnlyForDeploymentPostprocessing = 0;
		};
/* End PBXFrameworksBuildPhase section */

/* Begin PBXGroup section */
		34501375F8FCEAAD2C98B77C /* Frameworks */ = {
			isa = PBXGroup;
			children = (
				751A4B5444DF40CB6C2FB822 /* Pods.framework */,
			);
			name = Frameworks;
			sourceTree = "<group>";
		};
		3C1F3C431AE21B52009860F5 /* Home */ = {
			isa = PBXGroup;
			children = (
				3C315F671ADF5F370040FF99 /* HomeViewController.swift */,
				3C9970651ADFEBC800AF10E1 /* KSPersonListViewController.swift */,
				3CCFF1511AE0AB0B00A2D13B /* KSPersonViewController.swift */,
			);
			name = Home;
			sourceTree = "<group>";
		};
		3C1F3C441AE21B6B009860F5 /* Search */ = {
			isa = PBXGroup;
			children = (
				3C315F691ADF5F370040FF99 /* SearchViewController.swift */,
			);
			name = Search;
			sourceTree = "<group>";
		};
		3C1F3C451AE21B7B009860F5 /* Message */ = {
			isa = PBXGroup;
			children = (
				3C315F891ADF62E70040FF99 /* MessageViewController.swift */,
				3C4D29E71AECADEC00DFC0F2 /* ChattingViewController.swift */,
			);
			name = Message;
			sourceTree = "<group>";
		};
		3C1F3C461AE21B8E009860F5 /* Me */ = {
			isa = PBXGroup;
			children = (
				3C315F8B1ADF63020040FF99 /* MeViewController.swift */,
			);
			name = Me;
			sourceTree = "<group>";
		};
		3C315F571ADF5F360040FF99 = {
			isa = PBXGroup;
			children = (
				3C315F651ADF5F370040FF99 /* AppDelegate.swift */,
				3CBB19761AE14D440073B4C7 /* MyPlayground.playground */,
				3C315F621ADF5F360040FF99 /* PolyGe */,
				3C315F7A1ADF5F370040FF99 /* PolyGeTests */,
				3CB3DDD01AF5F41800289E8B /* Vendors */,
				3C315F611ADF5F360040FF99 /* Products */,
				E340C85846FE769743832EAE /* Pods */,
				34501375F8FCEAAD2C98B77C /* Frameworks */,
			);
			sourceTree = "<group>";
		};
		3C315F611ADF5F360040FF99 /* Products */ = {
			isa = PBXGroup;
			children = (
				3C315F601ADF5F360040FF99 /* PolyGe.app */,
				3C315F771ADF5F370040FF99 /* PolyGeTests.xctest */,
			);
			name = Products;
			sourceTree = "<group>";
		};
		3C315F621ADF5F360040FF99 /* PolyGe */ = {
			isa = PBXGroup;
			children = (
				3CE4FFF61AE61F20005C200E /* Other */,
				3CBB196F1AE0B8C10073B4C7 /* Extension */,
				3C9970671ADFEECB00AF10E1 /* Model */,
				3C315F881ADF62440040FF99 /* Views */,
				3C315F871ADF622D0040FF99 /* View Controllers */,
				3C99705C1ADF9CFD00AF10E1 /* UI */,
				3C315F8D1ADF6CA10040FF99 /* xib */,
				3C315F631ADF5F360040FF99 /* Supporting Files */,
			);
			path = PolyGe;
			sourceTree = "<group>";
		};
		3C315F631ADF5F360040FF99 /* Supporting Files */ = {
			isa = PBXGroup;
			children = (
				3CC3B8401AE89CF20017227D /* PolyGe-Bridging-Header.h */,
				3C8DCD1A1AE274A6005216F2 /* Info.plist */,
				3C315F6E1ADF5F370040FF99 /* Images.xcassets */,
				3C315F701ADF5F370040FF99 /* LaunchScreen.xib */,
				3C8DCD0B1AE246ED005216F2 /* Localizable.strings */,
			);
			name = "Supporting Files";
			sourceTree = "<group>";
		};
		3C315F7A1ADF5F370040FF99 /* PolyGeTests */ = {
			isa = PBXGroup;
			children = (
				3C315F7D1ADF5F370040FF99 /* PolyGeTests.swift */,
				3C315F7B1ADF5F370040FF99 /* Supporting Files */,
			);
			path = PolyGeTests;
			sourceTree = "<group>";
		};
		3C315F7B1ADF5F370040FF99 /* Supporting Files */ = {
			isa = PBXGroup;
			children = (
				3C315F7C1ADF5F370040FF99 /* Info.plist */,
			);
			name = "Supporting Files";
			sourceTree = "<group>";
		};
		3C315F871ADF622D0040FF99 /* View Controllers */ = {
			isa = PBXGroup;
			children = (
				3C315F8E1ADF6D180040FF99 /* KSTableViewController.swift */,
				3C1F3C411AE1FE8A009860F5 /* KSTabTableViewController.swift */,
				3C97F5AE1AE4EBFC00C21849 /* KSLoginViewController.swift */,
				3C1F3C431AE21B52009860F5 /* Home */,
				3C1F3C441AE21B6B009860F5 /* Search */,
				3C1F3C451AE21B7B009860F5 /* Message */,
				3C1F3C461AE21B8E009860F5 /* Me */,
			);
			name = "View Controllers";
			sourceTree = "<group>";
		};
		3C315F881ADF62440040FF99 /* Views */ = {
			isa = PBXGroup;
			children = (
				3C9970611ADFBDB800AF10E1 /* KSLanguageTableViewCell.swift */,
				3C9970721AE0165400AF10E1 /* KSPersonListTableViewCell.swift */,
				3C9970701AE0159E00AF10E1 /* KSMessageListTableViewCell.swift */,
				3C99706E1AE0158B00AF10E1 /* KSFrendListTableViewCell.swift */,
				3C7A7CC71AE64BE000426583 /* KSPlayAudioTableViewCell.swift */,
				3CD8B76F1AF6455700AA5122 /* KSPickerView.swift */,
			);
			name = Views;
			sourceTree = "<group>";
		};
		3C315F8D1ADF6CA10040FF99 /* xib */ = {
			isa = PBXGroup;
			children = (
				3C33C2551AE2793F003041EB /* Main.storyboard */,
				3C9970631ADFBFBE00AF10E1 /* MainStoryboard.swift */,
				3C97F5B21AE4FA4D00C21849 /* LoginViewController.xib */,
			);
			name = xib;
			sourceTree = "<group>";
		};
		3C4627BD1AE92A990024D32F /* KMPlaceholderTextView */ = {
			isa = PBXGroup;
			children = (
				3CB3DDFC1AF5F4EE00289E8B /* KMPlaceholderTextView.swift */,
			);
			name = KMPlaceholderTextView;
			path = ../PolyGe;
			sourceTree = "<group>";
		};
		3C4D29E11AEC9B8100DFC0F2 /* AFDateHelper */ = {
			isa = PBXGroup;
			children = (
				3CB3DDE31AF5F4CC00289E8B /* AF+Date+Extension.swift */,
			);
			name = AFDateHelper;
			path = ../PolyGe;
			sourceTree = "<group>";
		};
		3C96BFE41AE896B900DB857E /* KSChat */ = {
			isa = PBXGroup;
			children = (
				3CB3DDD11AF5F4AE00289E8B /* KSAVAudioPlayer.swift */,
				3CB3DDD21AF5F4AE00289E8B /* KSAVAudioRecorder.swift */,
				3CB3DDD31AF5F4AE00289E8B /* KSChatTableView.swift */,
				3CB3DDD41AF5F4AE00289E8B /* KSChattingViewController.swift */,
				3CB3DDD51AF5F4AE00289E8B /* KSInputMessageView.swift */,
				3CB3DDD71AF5F4AE00289E8B /* KSMessageCell.swift */,
				3CB3DDD81AF5F4AE00289E8B /* KSMessageContentView.swift */,
				3CB3DDD91AF5F4AE00289E8B /* KSProgressHUD.swift */,
			);
			name = KSChat;
			path = ../PolyGe;
			sourceTree = "<group>";
		};
		3C99705C1ADF9CFD00AF10E1 /* UI */ = {
			isa = PBXGroup;
			children = (
				3C99705D1ADF9D2F00AF10E1 /* KSButton.swift */,
				3CBB19721AE0CC4C0073B4C7 /* KSColor.swift */,
			);
			name = UI;
			sourceTree = "<group>";
		};
		3C9970671ADFEECB00AF10E1 /* Model */ = {
			isa = PBXGroup;
			children = (
				3C7A0B4A1AFF14BF00A369C1 /* DataContext.swift */,
				3C56947F1AF7AF6E00E9BCB6 /* PolyGe.xcdatamodeld */,
				3C56948A1AF7B67E00E9BCB6 /* User.swift */,
				3C5694881AF7B67D00E9BCB6 /* Message.swift */,
				3CE4FFF11AE60023005C200E /* Http */,
				3CE4FFF01AE6000B005C200E /* Login */,
				3C9970681ADFEEEF00AF10E1 /* RuntimeStatus.swift */,
				3C99706A1AE0117800AF10E1 /* KSUserEntity.swift */,
				3C97F5A51AE3AD1A00C21849 /* KSBaseEntity.swift */,
				3C97F5A71AE3B55C00C21849 /* KSMessageEntity.swift */,
				3C97F5A91AE3B7BF00C21849 /* KSChattingModule.swift */,
			);
			name = Model;
			sourceTree = "<group>";
		};
		3CB3DDD01AF5F41800289E8B /* Vendors */ = {
			isa = PBXGroup;
			children = (
				3C4D29E11AEC9B8100DFC0F2 /* AFDateHelper */,
				3C4627BD1AE92A990024D32F /* KMPlaceholderTextView */,
				3C96BFE41AE896B900DB857E /* KSChat */,
				3CE4FFED1AE5F8BA005C200E /* WIndicator */,
			);
			path = Vendors;
			sourceTree = "<group>";
		};
		3CBB196F1AE0B8C10073B4C7 /* Extension */ = {
			isa = PBXGroup;
			children = (
				3C99705F1ADF9D4800AF10E1 /* Color.swift */,
				3CBB19701AE0B8E60073B4C7 /* String.swift */,
				3C8AB8CA1AE2CA98001073B5 /* UIView.swift */,
				3C8AB8CC1AE2CDBE001073B5 /* UIImage.swift */,
				3C97F5B41AE4FF8300C21849 /* NSUserDefaults.swift */,
				3C7A7CC51AE6407D00426583 /* NSStream.swift */,
			);
			name = Extension;
			sourceTree = "<group>";
		};
		3CE4FFED1AE5F8BA005C200E /* WIndicator */ = {
			isa = PBXGroup;
			children = (
				3CB3DDFE1AF5F52C00289E8B /* WActivityIndicator.swift */,
				3CB3DDFF1AF5F52C00289E8B /* WIndicator.swift */,
				3CB3DE001AF5F52C00289E8B /* WIndicatorText.swift */,
			);
			name = WIndicator;
			path = ../PolyGe;
			sourceTree = "<group>";
		};
		3CE4FFF01AE6000B005C200E /* Login */ = {
			isa = PBXGroup;
			children = (
				3CE4FFEE1AE5FD19005C200E /* LoginModule.swift */,
			);
			name = Login;
			sourceTree = "<group>";
		};
		3CE4FFF11AE60023005C200E /* Http */ = {
			isa = PBXGroup;
			children = (
				3CE4FFF21AE6004C005C200E /* KSHttpServer.swift */,
				3CE4FFF41AE61E80005C200E /* KSTcpServer.swift */,
				3C7A7CC31AE63F9F00426583 /* TcpClientManager.swift */,
			);
			name = Http;
			sourceTree = "<group>";
		};
		3CE4FFF61AE61F20005C200E /* Other */ = {
			isa = PBXGroup;
			children = (
				3C96BFE81AE8974D00DB857E /* KSDefault.swift */,
				3CE4FFF71AE61F3D005C200E /* KSNotificationHelp.swift */,
				3C5694771AF7A35A00E9BCB6 /* KSUserHelper.swift */,
			);
			name = Other;
			sourceTree = "<group>";
		};
		E340C85846FE769743832EAE /* Pods */ = {
			isa = PBXGroup;
			children = (
				AB89FF9BC148D0677E9181B0 /* Pods.debug.xcconfig */,
				579B045C10844C1DCF15FCF1 /* Pods.release.xcconfig */,
			);
			name = Pods;
			sourceTree = "<group>";
		};
/* End PBXGroup section */

/* Begin PBXNativeTarget section */
		3C315F5F1ADF5F360040FF99 /* PolyGe */ = {
			isa = PBXNativeTarget;
			buildConfigurationList = 3C315F811ADF5F370040FF99 /* Build configuration list for PBXNativeTarget "PolyGe" */;
			buildPhases = (
				92496127BF43B8B8A22D3FD0 /* Check Pods Manifest.lock */,
				3C315F5C1ADF5F360040FF99 /* Sources */,
				3C315F5D1ADF5F360040FF99 /* Frameworks */,
				3C315F5E1ADF5F360040FF99 /* Resources */,
				7025B87EF0C95998DA228AD3 /* Embed Pods Frameworks */,
				9E4DBCFB9126092F8018B3D0 /* Copy Pods Resources */,
			);
			buildRules = (
			);
			dependencies = (
			);
			name = PolyGe;
			productName = PolyGe;
			productReference = 3C315F601ADF5F360040FF99 /* PolyGe.app */;
			productType = "com.apple.product-type.application";
		};
		3C315F761ADF5F370040FF99 /* PolyGeTests */ = {
			isa = PBXNativeTarget;
			buildConfigurationList = 3C315F841ADF5F370040FF99 /* Build configuration list for PBXNativeTarget "PolyGeTests" */;
			buildPhases = (
				3C315F731ADF5F370040FF99 /* Sources */,
				3C315F741ADF5F370040FF99 /* Frameworks */,
				3C315F751ADF5F370040FF99 /* Resources */,
			);
			buildRules = (
			);
			dependencies = (
				3C315F791ADF5F370040FF99 /* PBXTargetDependency */,
			);
			name = PolyGeTests;
			productName = PolyGeTests;
			productReference = 3C315F771ADF5F370040FF99 /* PolyGeTests.xctest */;
			productType = "com.apple.product-type.bundle.unit-test";
		};
/* End PBXNativeTarget section */

/* Begin PBXProject section */
		3C315F581ADF5F360040FF99 /* Project object */ = {
			isa = PBXProject;
			attributes = {
				CLASSPREFIX = KS;
				LastUpgradeCheck = 0630;
				ORGANIZATIONNAME = king;
				TargetAttributes = {
					3C315F5F1ADF5F360040FF99 = {
						CreatedOnToolsVersion = 6.3;
						DevelopmentTeam = K8LND256PA;
					};
					3C315F761ADF5F370040FF99 = {
						CreatedOnToolsVersion = 6.3;
						TestTargetID = 3C315F5F1ADF5F360040FF99;
					};
				};
			};
			buildConfigurationList = 3C315F5B1ADF5F360040FF99 /* Build configuration list for PBXProject "PolyGe" */;
			compatibilityVersion = "Xcode 3.2";
			developmentRegion = English;
			hasScannedForEncodings = 0;
			knownRegions = (
				en,
				Base,
				"zh-Hans",
			);
			mainGroup = 3C315F571ADF5F360040FF99;
			productRefGroup = 3C315F611ADF5F360040FF99 /* Products */;
			projectDirPath = "";
			projectRoot = "";
			targets = (
				3C315F5F1ADF5F360040FF99 /* PolyGe */,
				3C315F761ADF5F370040FF99 /* PolyGeTests */,
			);
		};
/* End PBXProject section */

/* Begin PBXResourcesBuildPhase section */
		3C315F5E1ADF5F360040FF99 /* Resources */ = {
			isa = PBXResourcesBuildPhase;
			buildActionMask = 2147483647;
			files = (
				3C8DCD091AE246ED005216F2 /* Localizable.strings in Resources */,
				3C8DCD1B1AE274A6005216F2 /* Info.plist in Resources */,
				3C315F721ADF5F370040FF99 /* LaunchScreen.xib in Resources */,
				3C33C2531AE2793F003041EB /* Main.storyboard in Resources */,
				3C315F6F1ADF5F370040FF99 /* Images.xcassets in Resources */,
				3C97F5B31AE4FA4D00C21849 /* LoginViewController.xib in Resources */,
			);
			runOnlyForDeploymentPostprocessing = 0;
		};
		3C315F751ADF5F370040FF99 /* Resources */ = {
			isa = PBXResourcesBuildPhase;
			buildActionMask = 2147483647;
			files = (
			);
			runOnlyForDeploymentPostprocessing = 0;
		};
/* End PBXResourcesBuildPhase section */

/* Begin PBXShellScriptBuildPhase section */
		7025B87EF0C95998DA228AD3 /* Embed Pods Frameworks */ = {
			isa = PBXShellScriptBuildPhase;
			buildActionMask = 2147483647;
			files = (
			);
			inputPaths = (
			);
			name = "Embed Pods Frameworks";
			outputPaths = (
			);
			runOnlyForDeploymentPostprocessing = 0;
			shellPath = /bin/sh;
			shellScript = "\"${SRCROOT}/Pods/Target Support Files/Pods/Pods-frameworks.sh\"\n";
			showEnvVarsInLog = 0;
		};
		92496127BF43B8B8A22D3FD0 /* Check Pods Manifest.lock */ = {
			isa = PBXShellScriptBuildPhase;
			buildActionMask = 2147483647;
			files = (
			);
			inputPaths = (
			);
			name = "Check Pods Manifest.lock";
			outputPaths = (
			);
			runOnlyForDeploymentPostprocessing = 0;
			shellPath = /bin/sh;
			shellScript = "diff \"${PODS_ROOT}/../Podfile.lock\" \"${PODS_ROOT}/Manifest.lock\" > /dev/null\nif [[ $? != 0 ]] ; then\n    cat << EOM\nerror: The sandbox is not in sync with the Podfile.lock. Run 'pod install' or update your CocoaPods installation.\nEOM\n    exit 1\nfi\n";
			showEnvVarsInLog = 0;
		};
		9E4DBCFB9126092F8018B3D0 /* Copy Pods Resources */ = {
			isa = PBXShellScriptBuildPhase;
			buildActionMask = 2147483647;
			files = (
			);
			inputPaths = (
			);
			name = "Copy Pods Resources";
			outputPaths = (
			);
			runOnlyForDeploymentPostprocessing = 0;
			shellPath = /bin/sh;
			shellScript = "\"${SRCROOT}/Pods/Target Support Files/Pods/Pods-resources.sh\"\n";
			showEnvVarsInLog = 0;
		};
/* End PBXShellScriptBuildPhase section */

/* Begin PBXSourcesBuildPhase section */
		3C315F5C1ADF5F360040FF99 /* Sources */ = {
			isa = PBXSourcesBuildPhase;
			buildActionMask = 2147483647;
			files = (
				3CE4FFF51AE61E80005C200E /* KSTcpServer.swift in Sources */,
				3C99706F1AE0158B00AF10E1 /* KSFrendListTableViewCell.swift in Sources */,
				3C8AB8CD1AE2CDBE001073B5 /* UIImage.swift in Sources */,
				3CB3DE021AF5F52C00289E8B /* WIndicator.swift in Sources */,
				3C99706B1AE0117800AF10E1 /* KSUserEntity.swift in Sources */,
				3C5694811AF7AF6F00E9BCB6 /* PolyGe.xcdatamodeld in Sources */,
				3CE4FFF81AE61F3D005C200E /* KSNotificationHelp.swift in Sources */,
				3CBB19711AE0B8E60073B4C7 /* String.swift in Sources */,
				3C7A7CC61AE6407D00426583 /* NSStream.swift in Sources */,
				3CB3DE031AF5F52C00289E8B /* WIndicatorText.swift in Sources */,
				3C315F8C1ADF63020040FF99 /* MeViewController.swift in Sources */,
				3C7A7CC81AE64BE000426583 /* KSPlayAudioTableViewCell.swift in Sources */,
				3C97F5AA1AE3B7BF00C21849 /* KSChattingModule.swift in Sources */,
				3CB3DDFD1AF5F4EE00289E8B /* KMPlaceholderTextView.swift in Sources */,
				3C97F5A81AE3B55C00C21849 /* KSMessageEntity.swift in Sources */,
				3C99705E1ADF9D2F00AF10E1 /* KSButton.swift in Sources */,
				3C5694891AF7B67D00E9BCB6 /* Message.swift in Sources */,
				3C1F3C421AE1FE8A009860F5 /* KSTabTableViewController.swift in Sources */,
				3C9970661ADFEBC800AF10E1 /* KSPersonListViewController.swift in Sources */,
				3C56948B1AF7B67E00E9BCB6 /* User.swift in Sources */,
				3CE4FFEF1AE5FD19005C200E /* LoginModule.swift in Sources */,
				3C7A7CC41AE63F9F00426583 /* TcpClientManager.swift in Sources */,
				3C4D29E81AECADEC00DFC0F2 /* ChattingViewController.swift in Sources */,
				3CB3DE011AF5F52C00289E8B /* WActivityIndicator.swift in Sources */,
				3C96BFF31AE8974D00DB857E /* KSDefault.swift in Sources */,
				3C315F6A1ADF5F370040FF99 /* SearchViewController.swift in Sources */,
				3CB3DDE11AF5F4AE00289E8B /* KSMessageContentView.swift in Sources */,
				3C315F8F1ADF6D180040FF99 /* KSTableViewController.swift in Sources */,
				3CD8B7701AF6455700AA5122 /* KSPickerView.swift in Sources */,
				3C315F661ADF5F370040FF99 /* AppDelegate.swift in Sources */,
				3CB3DDDD1AF5F4AE00289E8B /* KSChattingViewController.swift in Sources */,
				3C8AB8CB1AE2CA98001073B5 /* UIView.swift in Sources */,
				3CB3DDDC1AF5F4AE00289E8B /* KSChatTableView.swift in Sources */,
				3C9970601ADF9D4800AF10E1 /* Color.swift in Sources */,
				3C9970711AE0159E00AF10E1 /* KSMessageListTableViewCell.swift in Sources */,
				3C7A0B4B1AFF14BF00A369C1 /* DataContext.swift in Sources */,
				3CB3DDDA1AF5F4AE00289E8B /* KSAVAudioPlayer.swift in Sources */,
				3C315F8A1ADF62E70040FF99 /* MessageViewController.swift in Sources */,
				3C9970641ADFBFBE00AF10E1 /* MainStoryboard.swift in Sources */,
				3C97F5B51AE4FF8300C21849 /* NSUserDefaults.swift in Sources */,
				3C315F681ADF5F370040FF99 /* HomeViewController.swift in Sources */,
				3CE4FFF31AE6004C005C200E /* KSHttpServer.swift in Sources */,
				3CB3DDDB1AF5F4AE00289E8B /* KSAVAudioRecorder.swift in Sources */,
				3C97F5AF1AE4EBFC00C21849 /* KSLoginViewController.swift in Sources */,
				3CB3DDDE1AF5F4AE00289E8B /* KSInputMessageView.swift in Sources */,
				3CB3DDE21AF5F4AE00289E8B /* KSProgressHUD.swift in Sources */,
				3CBB19731AE0CC4C0073B4C7 /* KSColor.swift in Sources */,
				3C97F5A61AE3AD1A00C21849 /* KSBaseEntity.swift in Sources */,
				3CB3DDE41AF5F4CC00289E8B /* AF+Date+Extension.swift in Sources */,
				3C9970621ADFBDB800AF10E1 /* KSLanguageTableViewCell.swift in Sources */,
				3C9970731AE0165400AF10E1 /* KSPersonListTableViewCell.swift in Sources */,
				3CB3DDE01AF5F4AE00289E8B /* KSMessageCell.swift in Sources */,
				3C5694781AF7A35B00E9BCB6 /* KSUserHelper.swift in Sources */,
				3CCFF1521AE0AB0B00A2D13B /* KSPersonViewController.swift in Sources */,
				3C9970691ADFEEEF00AF10E1 /* RuntimeStatus.swift in Sources */,
			);
			runOnlyForDeploymentPostprocessing = 0;
		};
		3C315F731ADF5F370040FF99 /* Sources */ = {
			isa = PBXSourcesBuildPhase;
			buildActionMask = 2147483647;
			files = (
				3C315F7E1ADF5F370040FF99 /* PolyGeTests.swift in Sources */,
			);
			runOnlyForDeploymentPostprocessing = 0;
		};
/* End PBXSourcesBuildPhase section */

/* Begin PBXTargetDependency section */
		3C315F791ADF5F370040FF99 /* PBXTargetDependency */ = {
			isa = PBXTargetDependency;
			target = 3C315F5F1ADF5F360040FF99 /* PolyGe */;
			targetProxy = 3C315F781ADF5F370040FF99 /* PBXContainerItemProxy */;
		};
/* End PBXTargetDependency section */

/* Begin PBXVariantGroup section */
		3C315F701ADF5F370040FF99 /* LaunchScreen.xib */ = {
			isa = PBXVariantGroup;
			children = (
				3C8DCD181AE24868005216F2 /* zh-Hans */,
				3C8DCD191AE24868005216F2 /* en */,
			);
			name = LaunchScreen.xib;
			sourceTree = "<group>";
		};
		3C33C2551AE2793F003041EB /* Main.storyboard */ = {
			isa = PBXVariantGroup;
			children = (
				3C33C2541AE2793F003041EB /* Base */,
			);
			name = Main.storyboard;
			sourceTree = "<group>";
		};
		3C8DCD0B1AE246ED005216F2 /* Localizable.strings */ = {
			isa = PBXVariantGroup;
			children = (
				3C8DCD0A1AE246ED005216F2 /* en */,
				3C8DCD111AE24835005216F2 /* zh-Hans */,
			);
			name = Localizable.strings;
			sourceTree = "<group>";
		};
/* End PBXVariantGroup section */

/* Begin XCBuildConfiguration section */
		3C315F7F1ADF5F370040FF99 /* Debug */ = {
			isa = XCBuildConfiguration;
			buildSettings = {
				ALWAYS_SEARCH_USER_PATHS = NO;
				CLANG_CXX_LANGUAGE_STANDARD = "gnu++0x";
				CLANG_CXX_LIBRARY = "libc++";
				CLANG_ENABLE_MODULES = YES;
				CLANG_ENABLE_OBJC_ARC = YES;
				CLANG_WARN_BOOL_CONVERSION = YES;
				CLANG_WARN_CONSTANT_CONVERSION = YES;
				CLANG_WARN_DIRECT_OBJC_ISA_USAGE = YES_ERROR;
				CLANG_WARN_EMPTY_BODY = YES;
				CLANG_WARN_ENUM_CONVERSION = YES;
				CLANG_WARN_INT_CONVERSION = YES;
				CLANG_WARN_OBJC_ROOT_CLASS = YES_ERROR;
				CLANG_WARN_UNREACHABLE_CODE = YES;
				CLANG_WARN__DUPLICATE_METHOD_MATCH = YES;
				"CODE_SIGN_IDENTITY[sdk=iphoneos*]" = "iPhone Developer";
				COPY_PHASE_STRIP = NO;
				DEBUG_INFORMATION_FORMAT = "dwarf-with-dsym";
				ENABLE_STRICT_OBJC_MSGSEND = YES;
				GCC_C_LANGUAGE_STANDARD = gnu99;
				GCC_DYNAMIC_NO_PIC = NO;
				GCC_NO_COMMON_BLOCKS = YES;
				GCC_OPTIMIZATION_LEVEL = 0;
				GCC_PREPROCESSOR_DEFINITIONS = (
					"DEBUG=1",
					"$(inherited)",
				);
				GCC_SYMBOLS_PRIVATE_EXTERN = NO;
				GCC_WARN_64_TO_32_BIT_CONVERSION = YES;
				GCC_WARN_ABOUT_RETURN_TYPE = YES_ERROR;
				GCC_WARN_UNDECLARED_SELECTOR = YES;
				GCC_WARN_UNINITIALIZED_AUTOS = YES_AGGRESSIVE;
				GCC_WARN_UNUSED_FUNCTION = YES;
				GCC_WARN_UNUSED_VARIABLE = YES;
				IPHONEOS_DEPLOYMENT_TARGET = 8.0;
				MTL_ENABLE_DEBUG_INFO = YES;
				ONLY_ACTIVE_ARCH = YES;
				SDKROOT = iphoneos;
				SWIFT_OPTIMIZATION_LEVEL = "-Onone";
			};
			name = Debug;
		};
		3C315F801ADF5F370040FF99 /* Release */ = {
			isa = XCBuildConfiguration;
			buildSettings = {
				ALWAYS_SEARCH_USER_PATHS = NO;
				CLANG_CXX_LANGUAGE_STANDARD = "gnu++0x";
				CLANG_CXX_LIBRARY = "libc++";
				CLANG_ENABLE_MODULES = YES;
				CLANG_ENABLE_OBJC_ARC = YES;
				CLANG_WARN_BOOL_CONVERSION = YES;
				CLANG_WARN_CONSTANT_CONVERSION = YES;
				CLANG_WARN_DIRECT_OBJC_ISA_USAGE = YES_ERROR;
				CLANG_WARN_EMPTY_BODY = YES;
				CLANG_WARN_ENUM_CONVERSION = YES;
				CLANG_WARN_INT_CONVERSION = YES;
				CLANG_WARN_OBJC_ROOT_CLASS = YES_ERROR;
				CLANG_WARN_UNREACHABLE_CODE = YES;
				CLANG_WARN__DUPLICATE_METHOD_MATCH = YES;
				"CODE_SIGN_IDENTITY[sdk=iphoneos*]" = "iPhone Developer";
				COPY_PHASE_STRIP = NO;
				DEBUG_INFORMATION_FORMAT = "dwarf-with-dsym";
				ENABLE_NS_ASSERTIONS = NO;
				ENABLE_STRICT_OBJC_MSGSEND = YES;
				GCC_C_LANGUAGE_STANDARD = gnu99;
				GCC_NO_COMMON_BLOCKS = YES;
				GCC_WARN_64_TO_32_BIT_CONVERSION = YES;
				GCC_WARN_ABOUT_RETURN_TYPE = YES_ERROR;
				GCC_WARN_UNDECLARED_SELECTOR = YES;
				GCC_WARN_UNINITIALIZED_AUTOS = YES_AGGRESSIVE;
				GCC_WARN_UNUSED_FUNCTION = YES;
				GCC_WARN_UNUSED_VARIABLE = YES;
				IPHONEOS_DEPLOYMENT_TARGET = 8.0;
				MTL_ENABLE_DEBUG_INFO = NO;
				SDKROOT = iphoneos;
				VALIDATE_PRODUCT = YES;
			};
			name = Release;
		};
		3C315F821ADF5F370040FF99 /* Debug */ = {
			isa = XCBuildConfiguration;
			baseConfigurationReference = AB89FF9BC148D0677E9181B0 /* Pods.debug.xcconfig */;
			buildSettings = {
				ASSETCATALOG_COMPILER_APPICON_NAME = AppIcon;
				ASSETCATALOG_COMPILER_LAUNCHIMAGE_NAME = LaunchImage;
				CLANG_ENABLE_MODULES = YES;
				CODE_SIGN_IDENTITY = "iPhone Developer";
				"CODE_SIGN_IDENTITY[sdk=iphoneos*]" = "iPhone Developer";
				FRAMEWORK_SEARCH_PATHS = (
					"$(inherited)",
					"$(PROJECT_DIR)/PolyGe",
				);
				INFOPLIST_FILE = "$(SRCROOT)/PolyGeTests/Info.plist";
				IPHONEOS_DEPLOYMENT_TARGET = 8.0;
				LD_RUNPATH_SEARCH_PATHS = "$(inherited)";
				LIBRARY_SEARCH_PATHS = (
					"$(inherited)",
					"$(PROJECT_DIR)/PolyGe",
				);
				OTHER_LDFLAGS = "";
				PRODUCT_NAME = "$(TARGET_NAME)";
				PROVISIONING_PROFILE = "";
				SWIFT_OBJC_BRIDGING_HEADER = "PolyGe/PolyGe-Bridging-Header.h";
				SWIFT_OPTIMIZATION_LEVEL = "-Onone";
			};
			name = Debug;
		};
		3C315F831ADF5F370040FF99 /* Release */ = {
			isa = XCBuildConfiguration;
			baseConfigurationReference = 579B045C10844C1DCF15FCF1 /* Pods.release.xcconfig */;
			buildSettings = {
				ASSETCATALOG_COMPILER_APPICON_NAME = AppIcon;
				ASSETCATALOG_COMPILER_LAUNCHIMAGE_NAME = LaunchImage;
				CLANG_ENABLE_MODULES = YES;
				CODE_SIGN_IDENTITY = "iPhone Developer";
				"CODE_SIGN_IDENTITY[sdk=iphoneos*]" = "iPhone Developer";
				FRAMEWORK_SEARCH_PATHS = (
					"$(inherited)",
					"$(PROJECT_DIR)/PolyGe",
				);
				INFOPLIST_FILE = "$(SRCROOT)/PolyGeTests/Info.plist";
				IPHONEOS_DEPLOYMENT_TARGET = 8.0;
				LD_RUNPATH_SEARCH_PATHS = "$(inherited)";
				LIBRARY_SEARCH_PATHS = (
					"$(inherited)",
					"$(PROJECT_DIR)/PolyGe",
				);
				OTHER_LDFLAGS = "";
				PRODUCT_NAME = "$(TARGET_NAME)";
				PROVISIONING_PROFILE = "";
				SWIFT_OBJC_BRIDGING_HEADER = "PolyGe/PolyGe-Bridging-Header.h";
			};
			name = Release;
		};
		3C315F851ADF5F370040FF99 /* Debug */ = {
			isa = XCBuildConfiguration;
			buildSettings = {
				BUNDLE_LOADER = "$(TEST_HOST)";
				FRAMEWORK_SEARCH_PATHS = (
					"$(SDKROOT)/Developer/Library/Frameworks",
					"$(inherited)",
				);
				GCC_PREPROCESSOR_DEFINITIONS = (
					"DEBUG=1",
					"$(inherited)",
				);
				INFOPLIST_FILE = PolyGeTests/Info.plist;
				LD_RUNPATH_SEARCH_PATHS = "$(inherited) @executable_path/Frameworks @loader_path/Frameworks";
				PRODUCT_NAME = "$(TARGET_NAME)";
				TEST_HOST = "$(BUILT_PRODUCTS_DIR)/PolyGe.app/PolyGe";
			};
			name = Debug;
		};
		3C315F861ADF5F370040FF99 /* Release */ = {
			isa = XCBuildConfiguration;
			buildSettings = {
				BUNDLE_LOADER = "$(TEST_HOST)";
				FRAMEWORK_SEARCH_PATHS = (
					"$(SDKROOT)/Developer/Library/Frameworks",
					"$(inherited)",
				);
				INFOPLIST_FILE = PolyGeTests/Info.plist;
				LD_RUNPATH_SEARCH_PATHS = "$(inherited) @executable_path/Frameworks @loader_path/Frameworks";
				PRODUCT_NAME = "$(TARGET_NAME)";
				TEST_HOST = "$(BUILT_PRODUCTS_DIR)/PolyGe.app/PolyGe";
			};
			name = Release;
		};
/* End XCBuildConfiguration section */

/* Begin XCConfigurationList section */
		3C315F5B1ADF5F360040FF99 /* Build configuration list for PBXProject "PolyGe" */ = {
			isa = XCConfigurationList;
			buildConfigurations = (
				3C315F7F1ADF5F370040FF99 /* Debug */,
				3C315F801ADF5F370040FF99 /* Release */,
			);
			defaultConfigurationIsVisible = 0;
			defaultConfigurationName = Release;
		};
		3C315F811ADF5F370040FF99 /* Build configuration list for PBXNativeTarget "PolyGe" */ = {
			isa = XCConfigurationList;
			buildConfigurations = (
				3C315F821ADF5F370040FF99 /* Debug */,
				3C315F831ADF5F370040FF99 /* Release */,
			);
			defaultConfigurationIsVisible = 0;
			defaultConfigurationName = Release;
		};
		3C315F841ADF5F370040FF99 /* Build configuration list for PBXNativeTarget "PolyGeTests" */ = {
			isa = XCConfigurationList;
			buildConfigurations = (
				3C315F851ADF5F370040FF99 /* Debug */,
				3C315F861ADF5F370040FF99 /* Release */,
			);
			defaultConfigurationIsVisible = 0;
			defaultConfigurationName = Release;
		};
/* End XCConfigurationList section */

/* Begin XCVersionGroup section */
		3C56947F1AF7AF6E00E9BCB6 /* PolyGe.xcdatamodeld */ = {
			isa = XCVersionGroup;
			children = (
				3C5694801AF7AF6F00E9BCB6 /* PolyGe.xcdatamodel */,
			);
			currentVersion = 3C5694801AF7AF6F00E9BCB6 /* PolyGe.xcdatamodel */;
			path = PolyGe.xcdatamodeld;
			sourceTree = "<group>";
			versionGroupType = wrapper.xcdatamodel;
		};
/* End XCVersionGroup section */
	};
	rootObject = 3C315F581ADF5F360040FF99 /* Project object */;
}
