// !$*UTF8*$!
{
	archiveVersion = 1;
	classes = {
	};
	objectVersion = 46;
	objects = {

/* Begin PBXBuildFile section */
		3C315F661ADF5F370040FF99 /* AppDelegate.swift in Sources */ = {isa = PBXBuildFile; fileRef = 3C315F651ADF5F370040FF99 /* AppDelegate.swift */; };
		3C315F6F1ADF5F370040FF99 /* Images.xcassets in Resources */ = {isa = PBXBuildFile; fileRef = 3C315F6E1ADF5F370040FF99 /* Images.xcassets */; };
		3C3A398A1B3AB4940039D248 /* Request.swift in Sources */ = {isa = PBXBuildFile; fileRef = 3C3A39891B3AB4940039D248 /* Request.swift */; };
		3C63D8FB1B38582C00EF6196 /* KSTabBarViewController.swift in Sources */ = {isa = PBXBuildFile; fileRef = 3C63D8FA1B38582C00EF6196 /* KSTabBarViewController.swift */; };
		3C63D8FE1B38585200EF6196 /* KSLoginViewController.swift in Sources */ = {isa = PBXBuildFile; fileRef = 3C63D8FC1B38585200EF6196 /* KSLoginViewController.swift */; };
		3C63D8FF1B38585200EF6196 /* KSRegistViewController.swift in Sources */ = {isa = PBXBuildFile; fileRef = 3C63D8FD1B38585200EF6196 /* KSRegistViewController.swift */; };
		3C63D9031B38589B00EF6196 /* HomeViewController.swift in Sources */ = {isa = PBXBuildFile; fileRef = 3C63D9001B38589B00EF6196 /* HomeViewController.swift */; };
		3C63D9041B38589B00EF6196 /* KSPersonListViewController.swift in Sources */ = {isa = PBXBuildFile; fileRef = 3C63D9011B38589B00EF6196 /* KSPersonListViewController.swift */; };
		3C63D9051B38589B00EF6196 /* KSPersonViewController.swift in Sources */ = {isa = PBXBuildFile; fileRef = 3C63D9021B38589B00EF6196 /* KSPersonViewController.swift */; };
		3C63D9071B3858AA00EF6196 /* SearchViewController.swift in Sources */ = {isa = PBXBuildFile; fileRef = 3C63D9061B3858AA00EF6196 /* SearchViewController.swift */; };
		3C63D90A1B3858B900EF6196 /* ChattingViewController.swift in Sources */ = {isa = PBXBuildFile; fileRef = 3C63D9081B3858B900EF6196 /* ChattingViewController.swift */; };
		3C63D90B1B3858B900EF6196 /* MessageViewController.swift in Sources */ = {isa = PBXBuildFile; fileRef = 3C63D9091B3858B900EF6196 /* MessageViewController.swift */; };
		3C63D90D1B3858CC00EF6196 /* MeViewController.swift in Sources */ = {isa = PBXBuildFile; fileRef = 3C63D90C1B3858CC00EF6196 /* MeViewController.swift */; };
		3C63D9141B3858E400EF6196 /* KSFrendListTableViewCell.swift in Sources */ = {isa = PBXBuildFile; fileRef = 3C63D90E1B3858E400EF6196 /* KSFrendListTableViewCell.swift */; };
		3C63D9151B3858E400EF6196 /* KSLanguageTableViewCell.swift in Sources */ = {isa = PBXBuildFile; fileRef = 3C63D90F1B3858E400EF6196 /* KSLanguageTableViewCell.swift */; };
		3C63D9161B3858E400EF6196 /* KSMessageListTableViewCell.swift in Sources */ = {isa = PBXBuildFile; fileRef = 3C63D9101B3858E400EF6196 /* KSMessageListTableViewCell.swift */; };
		3C63D9171B3858E400EF6196 /* KSPersonListTableViewCell.swift in Sources */ = {isa = PBXBuildFile; fileRef = 3C63D9111B3858E400EF6196 /* KSPersonListTableViewCell.swift */; };
		3C63D9181B3858E400EF6196 /* KSPickerView.swift in Sources */ = {isa = PBXBuildFile; fileRef = 3C63D9121B3858E400EF6196 /* KSPickerView.swift */; };
		3C63D9191B3858E400EF6196 /* KSPlayAudioTableViewCell.swift in Sources */ = {isa = PBXBuildFile; fileRef = 3C63D9131B3858E400EF6196 /* KSPlayAudioTableViewCell.swift */; };
		3C63D9211B38591A00EF6196 /* Color.swift in Sources */ = {isa = PBXBuildFile; fileRef = 3C63D91A1B38591A00EF6196 /* Color.swift */; };
		3C63D9221B38591A00EF6196 /* NSStream.swift in Sources */ = {isa = PBXBuildFile; fileRef = 3C63D91B1B38591A00EF6196 /* NSStream.swift */; };
		3C63D9231B38591A00EF6196 /* NSUserDefaults.swift in Sources */ = {isa = PBXBuildFile; fileRef = 3C63D91C1B38591A00EF6196 /* NSUserDefaults.swift */; };
		3C63D9241B38591A00EF6196 /* String.swift in Sources */ = {isa = PBXBuildFile; fileRef = 3C63D91D1B38591A00EF6196 /* String.swift */; };
		3C63D9251B38591A00EF6196 /* UIImage.swift in Sources */ = {isa = PBXBuildFile; fileRef = 3C63D91E1B38591A00EF6196 /* UIImage.swift */; };
		3C63D9261B38591A00EF6196 /* UIView.swift in Sources */ = {isa = PBXBuildFile; fileRef = 3C63D91F1B38591A00EF6196 /* UIView.swift */; };
		3C63D9271B38591A00EF6196 /* UIViewController.swift in Sources */ = {isa = PBXBuildFile; fileRef = 3C63D9201B38591A00EF6196 /* UIViewController.swift */; };
		3C63D92A1B38596900EF6196 /* KSButton.swift in Sources */ = {isa = PBXBuildFile; fileRef = 3C63D9281B38596900EF6196 /* KSButton.swift */; };
		3C63D92B1B38596900EF6196 /* KSColor.swift in Sources */ = {isa = PBXBuildFile; fileRef = 3C63D9291B38596900EF6196 /* KSColor.swift */; };
		3C63D92E1B38599000EF6196 /* KSTableViewController.swift in Sources */ = {isa = PBXBuildFile; fileRef = 3C63D92C1B38599000EF6196 /* KSTableViewController.swift */; };
		3C63D92F1B38599000EF6196 /* KSTabTableViewController.swift in Sources */ = {isa = PBXBuildFile; fileRef = 3C63D92D1B38599000EF6196 /* KSTabTableViewController.swift */; };
		3C63D9341B3859C000EF6196 /* KSDefault.swift in Sources */ = {isa = PBXBuildFile; fileRef = 3C63D9301B3859C000EF6196 /* KSDefault.swift */; };
		3C63D9351B3859C000EF6196 /* KSEnum.swift in Sources */ = {isa = PBXBuildFile; fileRef = 3C63D9311B3859C000EF6196 /* KSEnum.swift */; };
		3C63D9361B3859C000EF6196 /* KSNotificationHelp.swift in Sources */ = {isa = PBXBuildFile; fileRef = 3C63D9321B3859C000EF6196 /* KSNotificationHelp.swift */; };
		3C63D9371B3859C000EF6196 /* KSUserHelper.swift in Sources */ = {isa = PBXBuildFile; fileRef = 3C63D9331B3859C000EF6196 /* KSUserHelper.swift */; };
		3C63D9451B385A0900EF6196 /* Message.swift in Sources */ = {isa = PBXBuildFile; fileRef = 3C63D93D1B385A0900EF6196 /* Message.swift */; };
		3C63D9471B385A0900EF6196 /* User.swift in Sources */ = {isa = PBXBuildFile; fileRef = 3C63D93F1B385A0900EF6196 /* User.swift */; };
		3C63D94B1B385A5B00EF6196 /* MainStoryboard.swift in Sources */ = {isa = PBXBuildFile; fileRef = 3C63D9491B385A5B00EF6196 /* MainStoryboard.swift */; };
		3C63D94C1B385A7B00EF6196 /* Login.storyboard in Resources */ = {isa = PBXBuildFile; fileRef = 3C63D94E1B385A7B00EF6196 /* Login.storyboard */; };
		3C63D9511B385AE900EF6196 /* PolyGe.xcdatamodeld in Sources */ = {isa = PBXBuildFile; fileRef = 3C63D94F1B385AE900EF6196 /* PolyGe.xcdatamodeld */; };
		3C63D9541B385B6700EF6196 /* Main.storyboard in Resources */ = {isa = PBXBuildFile; fileRef = 3C63D9521B385B6700EF6196 /* Main.storyboard */; };
		3C63D9571B385BD100EF6196 /* LaunchScreen.xib in Resources */ = {isa = PBXBuildFile; fileRef = 3C63D9551B385BD100EF6196 /* LaunchScreen.xib */; };
		3C63D9581B385BD100EF6196 /* Localizable.strings in Resources */ = {isa = PBXBuildFile; fileRef = 3C63D9561B385BD100EF6196 /* Localizable.strings */; };
		3C7FBCF61B3C374B000DF45B /* MJConst.m in Sources */ = {isa = PBXBuildFile; fileRef = 3C7FBCE61B3C374B000DF45B /* MJConst.m */; };
		3C7FBCF71B3C374B000DF45B /* MJFoundation.m in Sources */ = {isa = PBXBuildFile; fileRef = 3C7FBCE91B3C374B000DF45B /* MJFoundation.m */; };
		3C7FBCF81B3C374B000DF45B /* MJProperty.m in Sources */ = {isa = PBXBuildFile; fileRef = 3C7FBCEB1B3C374B000DF45B /* MJProperty.m */; };
		3C7FBCF91B3C374B000DF45B /* MJType.m in Sources */ = {isa = PBXBuildFile; fileRef = 3C7FBCED1B3C374B000DF45B /* MJType.m */; };
		3C7FBCFA1B3C374B000DF45B /* NSObject+MJCoding.m in Sources */ = {isa = PBXBuildFile; fileRef = 3C7FBCEF1B3C374B000DF45B /* NSObject+MJCoding.m */; };
		3C7FBCFB1B3C374B000DF45B /* NSObject+MJKeyValue.m in Sources */ = {isa = PBXBuildFile; fileRef = 3C7FBCF11B3C374B000DF45B /* NSObject+MJKeyValue.m */; };
		3C7FBCFC1B3C374B000DF45B /* NSObject+MJProperty.m in Sources */ = {isa = PBXBuildFile; fileRef = 3C7FBCF31B3C374B000DF45B /* NSObject+MJProperty.m */; };
		3C7FBCFD1B3C374B000DF45B /* NSString+MJExtension.m in Sources */ = {isa = PBXBuildFile; fileRef = 3C7FBCF51B3C374B000DF45B /* NSString+MJExtension.m */; };
		3C8DCD1B1AE274A6005216F2 /* Info.plist in Resources */ = {isa = PBXBuildFile; fileRef = 3C8DCD1A1AE274A6005216F2 /* Info.plist */; };
		3CB3DDDA1AF5F4AE00289E8B /* KSAVAudioPlayer.swift in Sources */ = {isa = PBXBuildFile; fileRef = 3CB3DDD11AF5F4AE00289E8B /* KSAVAudioPlayer.swift */; };
		3CB3DDDB1AF5F4AE00289E8B /* KSAVAudioRecorder.swift in Sources */ = {isa = PBXBuildFile; fileRef = 3CB3DDD21AF5F4AE00289E8B /* KSAVAudioRecorder.swift */; };
		3CB3DDDC1AF5F4AE00289E8B /* KSChatTableView.swift in Sources */ = {isa = PBXBuildFile; fileRef = 3CB3DDD31AF5F4AE00289E8B /* KSChatTableView.swift */; };
		3CB3DDDD1AF5F4AE00289E8B /* KSChattingViewController.swift in Sources */ = {isa = PBXBuildFile; fileRef = 3CB3DDD41AF5F4AE00289E8B /* KSChattingViewController.swift */; };
		3CB3DDDE1AF5F4AE00289E8B /* KSInputMessageView.swift in Sources */ = {isa = PBXBuildFile; fileRef = 3CB3DDD51AF5F4AE00289E8B /* KSInputMessageView.swift */; };
		3CB3DDE01AF5F4AE00289E8B /* KSMessageCell.swift in Sources */ = {isa = PBXBuildFile; fileRef = 3CB3DDD71AF5F4AE00289E8B /* KSMessageCell.swift */; };
		3CB3DDE11AF5F4AE00289E8B /* KSMessageContentView.swift in Sources */ = {isa = PBXBuildFile; fileRef = 3CB3DDD81AF5F4AE00289E8B /* KSMessageContentView.swift */; };
		3CB3DDE21AF5F4AE00289E8B /* KSProgressHUD.swift in Sources */ = {isa = PBXBuildFile; fileRef = 3CB3DDD91AF5F4AE00289E8B /* KSProgressHUD.swift */; };
		3CB3DDE41AF5F4CC00289E8B /* AF+Date+Extension.swift in Sources */ = {isa = PBXBuildFile; fileRef = 3CB3DDE31AF5F4CC00289E8B /* AF+Date+Extension.swift */; };
		3CB3DDFD1AF5F4EE00289E8B /* KMPlaceholderTextView.swift in Sources */ = {isa = PBXBuildFile; fileRef = 3CB3DDFC1AF5F4EE00289E8B /* KMPlaceholderTextView.swift */; };
		948B7BFE71AE837CC321AC05 /* Pods.framework in Frameworks */ = {isa = PBXBuildFile; fileRef = 751A4B5444DF40CB6C2FB822 /* Pods.framework */; settings = {ATTRIBUTES = (Weak, ); }; };
/* End PBXBuildFile section */

/* Begin PBXFileReference section */
		3C315F601ADF5F360040FF99 /* PolyGe.app */ = {isa = PBXFileReference; explicitFileType = wrapper.application; includeInIndex = 0; path = PolyGe.app; sourceTree = BUILT_PRODUCTS_DIR; };
		3C315F651ADF5F370040FF99 /* AppDelegate.swift */ = {isa = PBXFileReference; lastKnownFileType = sourcecode.swift; name = AppDelegate.swift; path = PolyGe/AppDelegate.swift; sourceTree = "<group>"; };
		3C315F6E1ADF5F370040FF99 /* Images.xcassets */ = {isa = PBXFileReference; lastKnownFileType = folder.assetcatalog; path = Images.xcassets; sourceTree = "<group>"; };
		3C315F7C1ADF5F370040FF99 /* Info.plist */ = {isa = PBXFileReference; lastKnownFileType = text.plist.xml; path = Info.plist; sourceTree = "<group>"; };
		3C315F7D1ADF5F370040FF99 /* PolyGeTests.swift */ = {isa = PBXFileReference; lastKnownFileType = sourcecode.swift; path = PolyGeTests.swift; sourceTree = "<group>"; };
		3C3A39891B3AB4940039D248 /* Request.swift */ = {isa = PBXFileReference; fileEncoding = 4; lastKnownFileType = sourcecode.swift; path = Request.swift; sourceTree = "<group>"; };
		3C63D8FA1B38582C00EF6196 /* KSTabBarViewController.swift */ = {isa = PBXFileReference; fileEncoding = 4; lastKnownFileType = sourcecode.swift; name = KSTabBarViewController.swift; path = ViewController/KSTabBarViewController.swift; sourceTree = "<group>"; };
		3C63D8FC1B38585200EF6196 /* KSLoginViewController.swift */ = {isa = PBXFileReference; fileEncoding = 4; lastKnownFileType = sourcecode.swift; name = KSLoginViewController.swift; path = ViewController/KSLoginViewController.swift; sourceTree = "<group>"; };
		3C63D8FD1B38585200EF6196 /* KSRegistViewController.swift */ = {isa = PBXFileReference; fileEncoding = 4; lastKnownFileType = sourcecode.swift; name = KSRegistViewController.swift; path = ViewController/KSRegistViewController.swift; sourceTree = "<group>"; };
		3C63D9001B38589B00EF6196 /* HomeViewController.swift */ = {isa = PBXFileReference; fileEncoding = 4; lastKnownFileType = sourcecode.swift; name = HomeViewController.swift; path = ViewController/HomeViewController.swift; sourceTree = "<group>"; };
		3C63D9011B38589B00EF6196 /* KSPersonListViewController.swift */ = {isa = PBXFileReference; fileEncoding = 4; lastKnownFileType = sourcecode.swift; name = KSPersonListViewController.swift; path = ViewController/KSPersonListViewController.swift; sourceTree = "<group>"; };
		3C63D9021B38589B00EF6196 /* KSPersonViewController.swift */ = {isa = PBXFileReference; fileEncoding = 4; lastKnownFileType = sourcecode.swift; name = KSPersonViewController.swift; path = ViewController/KSPersonViewController.swift; sourceTree = "<group>"; };
		3C63D9061B3858AA00EF6196 /* SearchViewController.swift */ = {isa = PBXFileReference; fileEncoding = 4; lastKnownFileType = sourcecode.swift; name = SearchViewController.swift; path = ViewController/SearchViewController.swift; sourceTree = "<group>"; };
		3C63D9081B3858B900EF6196 /* ChattingViewController.swift */ = {isa = PBXFileReference; fileEncoding = 4; lastKnownFileType = sourcecode.swift; name = ChattingViewController.swift; path = ViewController/ChattingViewController.swift; sourceTree = "<group>"; };
		3C63D9091B3858B900EF6196 /* MessageViewController.swift */ = {isa = PBXFileReference; fileEncoding = 4; lastKnownFileType = sourcecode.swift; name = MessageViewController.swift; path = ViewController/MessageViewController.swift; sourceTree = "<group>"; };
		3C63D90C1B3858CC00EF6196 /* MeViewController.swift */ = {isa = PBXFileReference; fileEncoding = 4; lastKnownFileType = sourcecode.swift; name = MeViewController.swift; path = ViewController/MeViewController.swift; sourceTree = "<group>"; };
		3C63D90E1B3858E400EF6196 /* KSFrendListTableViewCell.swift */ = {isa = PBXFileReference; fileEncoding = 4; lastKnownFileType = sourcecode.swift; name = KSFrendListTableViewCell.swift; path = View/KSFrendListTableViewCell.swift; sourceTree = "<group>"; };
		3C63D90F1B3858E400EF6196 /* KSLanguageTableViewCell.swift */ = {isa = PBXFileReference; fileEncoding = 4; lastKnownFileType = sourcecode.swift; name = KSLanguageTableViewCell.swift; path = View/KSLanguageTableViewCell.swift; sourceTree = "<group>"; };
		3C63D9101B3858E400EF6196 /* KSMessageListTableViewCell.swift */ = {isa = PBXFileReference; fileEncoding = 4; lastKnownFileType = sourcecode.swift; name = KSMessageListTableViewCell.swift; path = View/KSMessageListTableViewCell.swift; sourceTree = "<group>"; };
		3C63D9111B3858E400EF6196 /* KSPersonListTableViewCell.swift */ = {isa = PBXFileReference; fileEncoding = 4; lastKnownFileType = sourcecode.swift; name = KSPersonListTableViewCell.swift; path = View/KSPersonListTableViewCell.swift; sourceTree = "<group>"; };
		3C63D9121B3858E400EF6196 /* KSPickerView.swift */ = {isa = PBXFileReference; fileEncoding = 4; lastKnownFileType = sourcecode.swift; name = KSPickerView.swift; path = View/KSPickerView.swift; sourceTree = "<group>"; };
		3C63D9131B3858E400EF6196 /* KSPlayAudioTableViewCell.swift */ = {isa = PBXFileReference; fileEncoding = 4; lastKnownFileType = sourcecode.swift; name = KSPlayAudioTableViewCell.swift; path = View/KSPlayAudioTableViewCell.swift; sourceTree = "<group>"; };
		3C63D91A1B38591A00EF6196 /* Color.swift */ = {isa = PBXFileReference; fileEncoding = 4; lastKnownFileType = sourcecode.swift; name = Color.swift; path = Extension/Color.swift; sourceTree = "<group>"; };
		3C63D91B1B38591A00EF6196 /* NSStream.swift */ = {isa = PBXFileReference; fileEncoding = 4; lastKnownFileType = sourcecode.swift; name = NSStream.swift; path = Extension/NSStream.swift; sourceTree = "<group>"; };
		3C63D91C1B38591A00EF6196 /* NSUserDefaults.swift */ = {isa = PBXFileReference; fileEncoding = 4; lastKnownFileType = sourcecode.swift; name = NSUserDefaults.swift; path = Extension/NSUserDefaults.swift; sourceTree = "<group>"; };
		3C63D91D1B38591A00EF6196 /* String.swift */ = {isa = PBXFileReference; fileEncoding = 4; lastKnownFileType = sourcecode.swift; name = String.swift; path = Extension/String.swift; sourceTree = "<group>"; };
		3C63D91E1B38591A00EF6196 /* UIImage.swift */ = {isa = PBXFileReference; fileEncoding = 4; lastKnownFileType = sourcecode.swift; name = UIImage.swift; path = Extension/UIImage.swift; sourceTree = "<group>"; };
		3C63D91F1B38591A00EF6196 /* UIView.swift */ = {isa = PBXFileReference; fileEncoding = 4; lastKnownFileType = sourcecode.swift; name = UIView.swift; path = Extension/UIView.swift; sourceTree = "<group>"; };
		3C63D9201B38591A00EF6196 /* UIViewController.swift */ = {isa = PBXFileReference; fileEncoding = 4; lastKnownFileType = sourcecode.swift; name = UIViewController.swift; path = Extension/UIViewController.swift; sourceTree = "<group>"; };
		3C63D9281B38596900EF6196 /* KSButton.swift */ = {isa = PBXFileReference; fileEncoding = 4; lastKnownFileType = sourcecode.swift; name = KSButton.swift; path = UI/KSButton.swift; sourceTree = "<group>"; };
		3C63D9291B38596900EF6196 /* KSColor.swift */ = {isa = PBXFileReference; fileEncoding = 4; lastKnownFileType = sourcecode.swift; name = KSColor.swift; path = UI/KSColor.swift; sourceTree = "<group>"; };
		3C63D92C1B38599000EF6196 /* KSTableViewController.swift */ = {isa = PBXFileReference; fileEncoding = 4; lastKnownFileType = sourcecode.swift; name = KSTableViewController.swift; path = BaseClass/KSTableViewController.swift; sourceTree = "<group>"; };
		3C63D92D1B38599000EF6196 /* KSTabTableViewController.swift */ = {isa = PBXFileReference; fileEncoding = 4; lastKnownFileType = sourcecode.swift; name = KSTabTableViewController.swift; path = BaseClass/KSTabTableViewController.swift; sourceTree = "<group>"; };
		3C63D9301B3859C000EF6196 /* KSDefault.swift */ = {isa = PBXFileReference; fileEncoding = 4; lastKnownFileType = sourcecode.swift; name = KSDefault.swift; path = Other/KSDefault.swift; sourceTree = "<group>"; };
		3C63D9311B3859C000EF6196 /* KSEnum.swift */ = {isa = PBXFileReference; fileEncoding = 4; lastKnownFileType = sourcecode.swift; name = KSEnum.swift; path = Other/KSEnum.swift; sourceTree = "<group>"; };
		3C63D9321B3859C000EF6196 /* KSNotificationHelp.swift */ = {isa = PBXFileReference; fileEncoding = 4; lastKnownFileType = sourcecode.swift; name = KSNotificationHelp.swift; path = Other/KSNotificationHelp.swift; sourceTree = "<group>"; };
		3C63D9331B3859C000EF6196 /* KSUserHelper.swift */ = {isa = PBXFileReference; fileEncoding = 4; lastKnownFileType = sourcecode.swift; name = KSUserHelper.swift; path = Other/KSUserHelper.swift; sourceTree = "<group>"; };
		3C63D93D1B385A0900EF6196 /* Message.swift */ = {isa = PBXFileReference; fileEncoding = 4; lastKnownFileType = sourcecode.swift; name = Message.swift; path = Model/Message.swift; sourceTree = "<group>"; };
		3C63D93F1B385A0900EF6196 /* User.swift */ = {isa = PBXFileReference; fileEncoding = 4; lastKnownFileType = sourcecode.swift; name = User.swift; path = Model/User.swift; sourceTree = "<group>"; };
		3C63D9491B385A5B00EF6196 /* MainStoryboard.swift */ = {isa = PBXFileReference; fileEncoding = 4; lastKnownFileType = sourcecode.swift; name = MainStoryboard.swift; path = Xib/MainStoryboard.swift; sourceTree = "<group>"; };
		3C63D94D1B385A7B00EF6196 /* Base */ = {isa = PBXFileReference; lastKnownFileType = file.storyboard; name = Base; path = Base.lproj/Login.storyboard; sourceTree = "<group>"; };
		3C63D9501B385AE900EF6196 /* PolyGe.xcdatamodel */ = {isa = PBXFileReference; lastKnownFileType = wrapper.xcdatamodel; path = PolyGe.xcdatamodel; sourceTree = "<group>"; };
		3C63D9531B385B6700EF6196 /* Base */ = {isa = PBXFileReference; lastKnownFileType = file.storyboard; name = Base; path = Xib/Base.lproj/Main.storyboard; sourceTree = "<group>"; };
		3C63D9551B385BD100EF6196 /* LaunchScreen.xib */ = {isa = PBXFileReference; fileEncoding = 4; lastKnownFileType = file.xib; name = LaunchScreen.xib; path = Xib/LaunchScreen.xib; sourceTree = "<group>"; };
		3C63D9561B385BD100EF6196 /* Localizable.strings */ = {isa = PBXFileReference; fileEncoding = 4; lastKnownFileType = text.plist.strings; name = Localizable.strings; path = Xib/Localizable.strings; sourceTree = "<group>"; };
		3C7FBCE51B3C374B000DF45B /* MJConst.h */ = {isa = PBXFileReference; fileEncoding = 4; lastKnownFileType = sourcecode.c.h; path = MJConst.h; sourceTree = "<group>"; };
		3C7FBCE61B3C374B000DF45B /* MJConst.m */ = {isa = PBXFileReference; fileEncoding = 4; lastKnownFileType = sourcecode.c.objc; path = MJConst.m; sourceTree = "<group>"; };
		3C7FBCE71B3C374B000DF45B /* MJExtension.h */ = {isa = PBXFileReference; fileEncoding = 4; lastKnownFileType = sourcecode.c.h; path = MJExtension.h; sourceTree = "<group>"; };
		3C7FBCE81B3C374B000DF45B /* MJFoundation.h */ = {isa = PBXFileReference; fileEncoding = 4; lastKnownFileType = sourcecode.c.h; path = MJFoundation.h; sourceTree = "<group>"; };
		3C7FBCE91B3C374B000DF45B /* MJFoundation.m */ = {isa = PBXFileReference; fileEncoding = 4; lastKnownFileType = sourcecode.c.objc; path = MJFoundation.m; sourceTree = "<group>"; };
		3C7FBCEA1B3C374B000DF45B /* MJProperty.h */ = {isa = PBXFileReference; fileEncoding = 4; lastKnownFileType = sourcecode.c.h; path = MJProperty.h; sourceTree = "<group>"; };
		3C7FBCEB1B3C374B000DF45B /* MJProperty.m */ = {isa = PBXFileReference; fileEncoding = 4; lastKnownFileType = sourcecode.c.objc; path = MJProperty.m; sourceTree = "<group>"; };
		3C7FBCEC1B3C374B000DF45B /* MJType.h */ = {isa = PBXFileReference; fileEncoding = 4; lastKnownFileType = sourcecode.c.h; path = MJType.h; sourceTree = "<group>"; };
		3C7FBCED1B3C374B000DF45B /* MJType.m */ = {isa = PBXFileReference; fileEncoding = 4; lastKnownFileType = sourcecode.c.objc; path = MJType.m; sourceTree = "<group>"; };
		3C7FBCEE1B3C374B000DF45B /* NSObject+MJCoding.h */ = {isa = PBXFileReference; fileEncoding = 4; lastKnownFileType = sourcecode.c.h; path = "NSObject+MJCoding.h"; sourceTree = "<group>"; };
		3C7FBCEF1B3C374B000DF45B /* NSObject+MJCoding.m */ = {isa = PBXFileReference; fileEncoding = 4; lastKnownFileType = sourcecode.c.objc; path = "NSObject+MJCoding.m"; sourceTree = "<group>"; };
		3C7FBCF01B3C374B000DF45B /* NSObject+MJKeyValue.h */ = {isa = PBXFileReference; fileEncoding = 4; lastKnownFileType = sourcecode.c.h; path = "NSObject+MJKeyValue.h"; sourceTree = "<group>"; };
		3C7FBCF11B3C374B000DF45B /* NSObject+MJKeyValue.m */ = {isa = PBXFileReference; fileEncoding = 4; lastKnownFileType = sourcecode.c.objc; path = "NSObject+MJKeyValue.m"; sourceTree = "<group>"; };
		3C7FBCF21B3C374B000DF45B /* NSObject+MJProperty.h */ = {isa = PBXFileReference; fileEncoding = 4; lastKnownFileType = sourcecode.c.h; path = "NSObject+MJProperty.h"; sourceTree = "<group>"; };
		3C7FBCF31B3C374B000DF45B /* NSObject+MJProperty.m */ = {isa = PBXFileReference; fileEncoding = 4; lastKnownFileType = sourcecode.c.objc; path = "NSObject+MJProperty.m"; sourceTree = "<group>"; };
		3C7FBCF41B3C374B000DF45B /* NSString+MJExtension.h */ = {isa = PBXFileReference; fileEncoding = 4; lastKnownFileType = sourcecode.c.h; path = "NSString+MJExtension.h"; sourceTree = "<group>"; };
		3C7FBCF51B3C374B000DF45B /* NSString+MJExtension.m */ = {isa = PBXFileReference; fileEncoding = 4; lastKnownFileType = sourcecode.c.objc; path = "NSString+MJExtension.m"; sourceTree = "<group>"; };
		3C8DCD1A1AE274A6005216F2 /* Info.plist */ = {isa = PBXFileReference; fileEncoding = 4; lastKnownFileType = text.plist.xml; path = Info.plist; sourceTree = "<group>"; };
		3CB3DDD11AF5F4AE00289E8B /* KSAVAudioPlayer.swift */ = {isa = PBXFileReference; fileEncoding = 4; lastKnownFileType = sourcecode.swift; name = KSAVAudioPlayer.swift; path = Vendors/KSAVAudioPlayer.swift; sourceTree = SOURCE_ROOT; };
		3CB3DDD21AF5F4AE00289E8B /* KSAVAudioRecorder.swift */ = {isa = PBXFileReference; fileEncoding = 4; lastKnownFileType = sourcecode.swift; name = KSAVAudioRecorder.swift; path = Vendors/KSAVAudioRecorder.swift; sourceTree = SOURCE_ROOT; };
		3CB3DDD31AF5F4AE00289E8B /* KSChatTableView.swift */ = {isa = PBXFileReference; fileEncoding = 4; lastKnownFileType = sourcecode.swift; name = KSChatTableView.swift; path = Vendors/KSChatTableView.swift; sourceTree = SOURCE_ROOT; };
		3CB3DDD41AF5F4AE00289E8B /* KSChattingViewController.swift */ = {isa = PBXFileReference; fileEncoding = 4; lastKnownFileType = sourcecode.swift; name = KSChattingViewController.swift; path = Vendors/KSChattingViewController.swift; sourceTree = SOURCE_ROOT; };
		3CB3DDD51AF5F4AE00289E8B /* KSInputMessageView.swift */ = {isa = PBXFileReference; fileEncoding = 4; lastKnownFileType = sourcecode.swift; name = KSInputMessageView.swift; path = Vendors/KSInputMessageView.swift; sourceTree = SOURCE_ROOT; };
		3CB3DDD71AF5F4AE00289E8B /* KSMessageCell.swift */ = {isa = PBXFileReference; fileEncoding = 4; lastKnownFileType = sourcecode.swift; name = KSMessageCell.swift; path = Vendors/KSMessageCell.swift; sourceTree = SOURCE_ROOT; };
		3CB3DDD81AF5F4AE00289E8B /* KSMessageContentView.swift */ = {isa = PBXFileReference; fileEncoding = 4; lastKnownFileType = sourcecode.swift; name = KSMessageContentView.swift; path = Vendors/KSMessageContentView.swift; sourceTree = SOURCE_ROOT; };
		3CB3DDD91AF5F4AE00289E8B /* KSProgressHUD.swift */ = {isa = PBXFileReference; fileEncoding = 4; lastKnownFileType = sourcecode.swift; name = KSProgressHUD.swift; path = Vendors/KSProgressHUD.swift; sourceTree = SOURCE_ROOT; };
		3CB3DDE31AF5F4CC00289E8B /* AF+Date+Extension.swift */ = {isa = PBXFileReference; fileEncoding = 4; lastKnownFileType = sourcecode.swift; name = "AF+Date+Extension.swift"; path = "Vendors/AF+Date+Extension.swift"; sourceTree = SOURCE_ROOT; };
		3CB3DDFC1AF5F4EE00289E8B /* KMPlaceholderTextView.swift */ = {isa = PBXFileReference; fileEncoding = 4; lastKnownFileType = sourcecode.swift; name = KMPlaceholderTextView.swift; path = Vendors/KMPlaceholderTextView.swift; sourceTree = SOURCE_ROOT; };
		3CBB19761AE14D440073B4C7 /* MyPlayground.playground */ = {isa = PBXFileReference; lastKnownFileType = file.playground; path = MyPlayground.playground; sourceTree = "<group>"; };
		3CC3B8401AE89CF20017227D /* PolyGe-Bridging-Header.h */ = {isa = PBXFileReference; lastKnownFileType = sourcecode.c.h; path = "PolyGe-Bridging-Header.h"; sourceTree = "<group>"; };
		579B045C10844C1DCF15FCF1 /* Pods.release.xcconfig */ = {isa = PBXFileReference; includeInIndex = 1; lastKnownFileType = text.xcconfig; name = Pods.release.xcconfig; path = "Pods/Target Support Files/Pods/Pods.release.xcconfig"; sourceTree = "<group>"; };
		751A4B5444DF40CB6C2FB822 /* Pods.framework */ = {isa = PBXFileReference; explicitFileType = wrapper.framework; includeInIndex = 0; path = Pods.framework; sourceTree = BUILT_PRODUCTS_DIR; };
		AB89FF9BC148D0677E9181B0 /* Pods.debug.xcconfig */ = {isa = PBXFileReference; includeInIndex = 1; lastKnownFileType = text.xcconfig; name = Pods.debug.xcconfig; path = "Pods/Target Support Files/Pods/Pods.debug.xcconfig"; sourceTree = "<group>"; };
/* End PBXFileReference section */

/* Begin PBXFrameworksBuildPhase section */
		3C315F5D1ADF5F360040FF99 /* Frameworks */ = {
			isa = PBXFrameworksBuildPhase;
			buildActionMask = 2147483647;
			files = (
				948B7BFE71AE837CC321AC05 /* Pods.framework in Frameworks */,
			);
			runOnlyForDeploymentPostprocessing = 0;
		};
/* End PBXFrameworksBuildPhase section */

/* Begin PBXGroup section */
		34501375F8FCEAAD2C98B77C /* Frameworks */ = {
			isa = PBXGroup;
			children = (
				751A4B5444DF40CB6C2FB822 /* Pods.framework */,
			);
			name = Frameworks;
			sourceTree = "<group>";
		};
		3C1F3C431AE21B52009860F5 /* Home */ = {
			isa = PBXGroup;
			children = (
				3C63D9001B38589B00EF6196 /* HomeViewController.swift */,
				3C63D9011B38589B00EF6196 /* KSPersonListViewController.swift */,
				3C63D9021B38589B00EF6196 /* KSPersonViewController.swift */,
			);
			name = Home;
			sourceTree = "<group>";
		};
		3C1F3C441AE21B6B009860F5 /* Search */ = {
			isa = PBXGroup;
			children = (
				3C63D9061B3858AA00EF6196 /* SearchViewController.swift */,
			);
			name = Search;
			sourceTree = "<group>";
		};
		3C1F3C451AE21B7B009860F5 /* Message */ = {
			isa = PBXGroup;
			children = (
				3C63D9081B3858B900EF6196 /* ChattingViewController.swift */,
				3C63D9091B3858B900EF6196 /* MessageViewController.swift */,
			);
			name = Message;
			sourceTree = "<group>";
		};
		3C1F3C461AE21B8E009860F5 /* Me */ = {
			isa = PBXGroup;
			children = (
				3C63D90C1B3858CC00EF6196 /* MeViewController.swift */,
			);
			name = Me;
			sourceTree = "<group>";
		};
		3C315F571ADF5F360040FF99 = {
			isa = PBXGroup;
			children = (
				3C315F651ADF5F370040FF99 /* AppDelegate.swift */,
				3CBB19761AE14D440073B4C7 /* MyPlayground.playground */,
				3C315F621ADF5F360040FF99 /* PolyGe */,
				3CB3DDD01AF5F41800289E8B /* Vendors */,
				3C315F631ADF5F360040FF99 /* Supporting Files */,
				3C315F7A1ADF5F370040FF99 /* PolyGeTests */,
				3C315F611ADF5F360040FF99 /* Products */,
				E340C85846FE769743832EAE /* Pods */,
				34501375F8FCEAAD2C98B77C /* Frameworks */,
			);
			sourceTree = "<group>";
		};
		3C315F611ADF5F360040FF99 /* Products */ = {
			isa = PBXGroup;
			children = (
				3C315F601ADF5F360040FF99 /* PolyGe.app */,
			);
			name = Products;
			sourceTree = "<group>";
		};
		3C315F621ADF5F360040FF99 /* PolyGe */ = {
			isa = PBXGroup;
			children = (
				3C63D8EE1B37AF0C00EF6196 /* BaseClass */,
				3CE4FFF11AE60023005C200E /* Http */,
				3CE4FFF61AE61F20005C200E /* Other */,
				3CBB196F1AE0B8C10073B4C7 /* Extension */,
				3C9970671ADFEECB00AF10E1 /* Model */,
				3C315F881ADF62440040FF99 /* View */,
				3C315F871ADF622D0040FF99 /* ViewController */,
				3C99705C1ADF9CFD00AF10E1 /* UI */,
				3C315F8D1ADF6CA10040FF99 /* xib */,
			);
			path = PolyGe;
			sourceTree = "<group>";
		};
		3C315F631ADF5F360040FF99 /* Supporting Files */ = {
			isa = PBXGroup;
			children = (
				3C63D9551B385BD100EF6196 /* LaunchScreen.xib */,
				3C63D9561B385BD100EF6196 /* Localizable.strings */,
				3CC3B8401AE89CF20017227D /* PolyGe-Bridging-Header.h */,
				3C8DCD1A1AE274A6005216F2 /* Info.plist */,
				3C315F6E1ADF5F370040FF99 /* Images.xcassets */,
			);
			name = "Supporting Files";
			path = PolyGe;
			sourceTree = "<group>";
		};
		3C315F7A1ADF5F370040FF99 /* PolyGeTests */ = {
			isa = PBXGroup;
			children = (
				3C315F7D1ADF5F370040FF99 /* PolyGeTests.swift */,
				3C315F7B1ADF5F370040FF99 /* Supporting Files */,
			);
			path = PolyGeTests;
			sourceTree = "<group>";
		};
		3C315F7B1ADF5F370040FF99 /* Supporting Files */ = {
			isa = PBXGroup;
			children = (
				3C315F7C1ADF5F370040FF99 /* Info.plist */,
			);
			name = "Supporting Files";
			sourceTree = "<group>";
		};
		3C315F871ADF622D0040FF99 /* ViewController */ = {
			isa = PBXGroup;
			children = (
				3C63D8FA1B38582C00EF6196 /* KSTabBarViewController.swift */,
				3C63D8F71B3852EB00EF6196 /* Login */,
				3C1F3C431AE21B52009860F5 /* Home */,
				3C1F3C441AE21B6B009860F5 /* Search */,
				3C1F3C451AE21B7B009860F5 /* Message */,
				3C1F3C461AE21B8E009860F5 /* Me */,
			);
			name = ViewController;
			sourceTree = "<group>";
		};
		3C315F881ADF62440040FF99 /* View */ = {
			isa = PBXGroup;
			children = (
				3C63D90E1B3858E400EF6196 /* KSFrendListTableViewCell.swift */,
				3C63D90F1B3858E400EF6196 /* KSLanguageTableViewCell.swift */,
				3C63D9101B3858E400EF6196 /* KSMessageListTableViewCell.swift */,
				3C63D9111B3858E400EF6196 /* KSPersonListTableViewCell.swift */,
				3C63D9121B3858E400EF6196 /* KSPickerView.swift */,
				3C63D9131B3858E400EF6196 /* KSPlayAudioTableViewCell.swift */,
			);
			name = View;
			sourceTree = "<group>";
		};
		3C315F8D1ADF6CA10040FF99 /* xib */ = {
			isa = PBXGroup;
			children = (
				3C63D9521B385B6700EF6196 /* Main.storyboard */,
				3C63D94E1B385A7B00EF6196 /* Login.storyboard */,
				3C63D9491B385A5B00EF6196 /* MainStoryboard.swift */,
			);
			name = xib;
			sourceTree = "<group>";
		};
		3C4627BD1AE92A990024D32F /* KMPlaceholderTextView */ = {
			isa = PBXGroup;
			children = (
				3CB3DDFC1AF5F4EE00289E8B /* KMPlaceholderTextView.swift */,
			);
			name = KMPlaceholderTextView;
			path = ../PolyGe;
			sourceTree = "<group>";
		};
		3C4D29E11AEC9B8100DFC0F2 /* AFDateHelper */ = {
			isa = PBXGroup;
			children = (
				3CB3DDE31AF5F4CC00289E8B /* AF+Date+Extension.swift */,
			);
			name = AFDateHelper;
			path = ../PolyGe;
			sourceTree = "<group>";
		};
		3C63D8EE1B37AF0C00EF6196 /* BaseClass */ = {
			isa = PBXGroup;
			children = (
				3C63D92C1B38599000EF6196 /* KSTableViewController.swift */,
				3C63D92D1B38599000EF6196 /* KSTabTableViewController.swift */,
			);
			name = BaseClass;
			sourceTree = "<group>";
		};
		3C63D8F71B3852EB00EF6196 /* Login */ = {
			isa = PBXGroup;
			children = (
				3C63D8FC1B38585200EF6196 /* KSLoginViewController.swift */,
				3C63D8FD1B38585200EF6196 /* KSRegistViewController.swift */,
			);
			name = Login;
			sourceTree = "<group>";
		};
		3C7FBCE41B3C374B000DF45B /* MJExtension */ = {
			isa = PBXGroup;
			children = (
				3C7FBCE51B3C374B000DF45B /* MJConst.h */,
				3C7FBCE61B3C374B000DF45B /* MJConst.m */,
				3C7FBCE71B3C374B000DF45B /* MJExtension.h */,
				3C7FBCE81B3C374B000DF45B /* MJFoundation.h */,
				3C7FBCE91B3C374B000DF45B /* MJFoundation.m */,
				3C7FBCEA1B3C374B000DF45B /* MJProperty.h */,
				3C7FBCEB1B3C374B000DF45B /* MJProperty.m */,
				3C7FBCEC1B3C374B000DF45B /* MJType.h */,
				3C7FBCED1B3C374B000DF45B /* MJType.m */,
				3C7FBCEE1B3C374B000DF45B /* NSObject+MJCoding.h */,
				3C7FBCEF1B3C374B000DF45B /* NSObject+MJCoding.m */,
				3C7FBCF01B3C374B000DF45B /* NSObject+MJKeyValue.h */,
				3C7FBCF11B3C374B000DF45B /* NSObject+MJKeyValue.m */,
				3C7FBCF21B3C374B000DF45B /* NSObject+MJProperty.h */,
				3C7FBCF31B3C374B000DF45B /* NSObject+MJProperty.m */,
				3C7FBCF41B3C374B000DF45B /* NSString+MJExtension.h */,
				3C7FBCF51B3C374B000DF45B /* NSString+MJExtension.m */,
			);
			path = MJExtension;
			sourceTree = "<group>";
		};
		3C96BFE41AE896B900DB857E /* KSChat */ = {
			isa = PBXGroup;
			children = (
				3CB3DDD11AF5F4AE00289E8B /* KSAVAudioPlayer.swift */,
				3CB3DDD21AF5F4AE00289E8B /* KSAVAudioRecorder.swift */,
				3CB3DDD31AF5F4AE00289E8B /* KSChatTableView.swift */,
				3CB3DDD41AF5F4AE00289E8B /* KSChattingViewController.swift */,
				3CB3DDD51AF5F4AE00289E8B /* KSInputMessageView.swift */,
				3CB3DDD71AF5F4AE00289E8B /* KSMessageCell.swift */,
				3CB3DDD81AF5F4AE00289E8B /* KSMessageContentView.swift */,
				3CB3DDD91AF5F4AE00289E8B /* KSProgressHUD.swift */,
			);
			name = KSChat;
			path = ../PolyGe;
			sourceTree = "<group>";
		};
		3C99705C1ADF9CFD00AF10E1 /* UI */ = {
			isa = PBXGroup;
			children = (
				3C63D9281B38596900EF6196 /* KSButton.swift */,
				3C63D9291B38596900EF6196 /* KSColor.swift */,
			);
			name = UI;
			sourceTree = "<group>";
		};
		3C9970671ADFEECB00AF10E1 /* Model */ = {
			isa = PBXGroup;
			children = (
				3C63D94F1B385AE900EF6196 /* PolyGe.xcdatamodeld */,
				3C63D93D1B385A0900EF6196 /* Message.swift */,
				3C63D93F1B385A0900EF6196 /* User.swift */,
			);
			name = Model;
			sourceTree = "<group>";
		};
		3CB3DDD01AF5F41800289E8B /* Vendors */ = {
			isa = PBXGroup;
			children = (
				3C7FBCE41B3C374B000DF45B /* MJExtension */,
				3C4D29E11AEC9B8100DFC0F2 /* AFDateHelper */,
				3C4627BD1AE92A990024D32F /* KMPlaceholderTextView */,
				3C96BFE41AE896B900DB857E /* KSChat */,
			);
			path = Vendors;
			sourceTree = "<group>";
		};
		3CBB196F1AE0B8C10073B4C7 /* Extension */ = {
			isa = PBXGroup;
			children = (
				3C63D91A1B38591A00EF6196 /* Color.swift */,
				3C63D91B1B38591A00EF6196 /* NSStream.swift */,
				3C63D91C1B38591A00EF6196 /* NSUserDefaults.swift */,
				3C63D91D1B38591A00EF6196 /* String.swift */,
				3C63D91E1B38591A00EF6196 /* UIImage.swift */,
				3C63D91F1B38591A00EF6196 /* UIView.swift */,
				3C63D9201B38591A00EF6196 /* UIViewController.swift */,
				3C3A39891B3AB4940039D248 /* Request.swift */,
			);
			name = Extension;
			sourceTree = "<group>";
		};
		3CE4FFF11AE60023005C200E /* Http */ = {
			isa = PBXGroup;
			children = (
			);
			name = Http;
			sourceTree = "<group>";
		};
		3CE4FFF61AE61F20005C200E /* Other */ = {
			isa = PBXGroup;
			children = (
				3C63D9301B3859C000EF6196 /* KSDefault.swift */,
				3C63D9311B3859C000EF6196 /* KSEnum.swift */,
				3C63D9321B3859C000EF6196 /* KSNotificationHelp.swift */,
				3C63D9331B3859C000EF6196 /* KSUserHelper.swift */,
			);
			name = Other;
			sourceTree = "<group>";
		};
		E340C85846FE769743832EAE /* Pods */ = {
			isa = PBXGroup;
			children = (
				AB89FF9BC148D0677E9181B0 /* Pods.debug.xcconfig */,
				579B045C10844C1DCF15FCF1 /* Pods.release.xcconfig */,
			);
			name = Pods;
			sourceTree = "<group>";
		};
/* End PBXGroup section */

/* Begin PBXNativeTarget section */
		3C315F5F1ADF5F360040FF99 /* PolyGe */ = {
			isa = PBXNativeTarget;
			buildConfigurationList = 3C315F811ADF5F370040FF99 /* Build configuration list for PBXNativeTarget "PolyGe" */;
			buildPhases = (
				92496127BF43B8B8A22D3FD0 /* Check Pods Manifest.lock */,
				3C315F5C1ADF5F360040FF99 /* Sources */,
				3C315F5D1ADF5F360040FF99 /* Frameworks */,
				3C315F5E1ADF5F360040FF99 /* Resources */,
				7025B87EF0C95998DA228AD3 /* Embed Pods Frameworks */,
				9E4DBCFB9126092F8018B3D0 /* Copy Pods Resources */,
			);
			buildRules = (
			);
			dependencies = (
			);
			name = PolyGe;
			productName = PolyGe;
			productReference = 3C315F601ADF5F360040FF99 /* PolyGe.app */;
			productType = "com.apple.product-type.application";
		};
/* End PBXNativeTarget section */

/* Begin PBXProject section */
		3C315F581ADF5F360040FF99 /* Project object */ = {
			isa = PBXProject;
			attributes = {
				CLASSPREFIX = KS;
				LastSwiftUpdateCheck = 0700;
				LastUpgradeCheck = 0700;
				ORGANIZATIONNAME = king;
				TargetAttributes = {
					3C315F5F1ADF5F360040FF99 = {
						CreatedOnToolsVersion = 6.3;
						DevelopmentTeam = K8LND256PA;
					};
				};
			};
			buildConfigurationList = 3C315F5B1ADF5F360040FF99 /* Build configuration list for PBXProject "PolyGe" */;
			compatibilityVersion = "Xcode 3.2";
			developmentRegion = English;
			hasScannedForEncodings = 0;
			knownRegions = (
				en,
				Base,
				"zh-Hans",
			);
			mainGroup = 3C315F571ADF5F360040FF99;
			productRefGroup = 3C315F611ADF5F360040FF99 /* Products */;
			projectDirPath = "";
			projectRoot = "";
			targets = (
				3C315F5F1ADF5F360040FF99 /* PolyGe */,
			);
		};
/* End PBXProject section */

/* Begin PBXResourcesBuildPhase section */
		3C315F5E1ADF5F360040FF99 /* Resources */ = {
			isa = PBXResourcesBuildPhase;
			buildActionMask = 2147483647;
			files = (
				3C8DCD1B1AE274A6005216F2 /* Info.plist in Resources */,
				3C63D94C1B385A7B00EF6196 /* Login.storyboard in Resources */,
				3C63D9571B385BD100EF6196 /* LaunchScreen.xib in Resources */,
				3C63D9541B385B6700EF6196 /* Main.storyboard in Resources */,
				3C63D9581B385BD100EF6196 /* Localizable.strings in Resources */,
				3C315F6F1ADF5F370040FF99 /* Images.xcassets in Resources */,
			);
			runOnlyForDeploymentPostprocessing = 0;
		};
/* End PBXResourcesBuildPhase section */

/* Begin PBXShellScriptBuildPhase section */
		7025B87EF0C95998DA228AD3 /* Embed Pods Frameworks */ = {
			isa = PBXShellScriptBuildPhase;
			buildActionMask = 2147483647;
			files = (
			);
			inputPaths = (
			);
			name = "Embed Pods Frameworks";
			outputPaths = (
			);
			runOnlyForDeploymentPostprocessing = 0;
			shellPath = /bin/sh;
			shellScript = "\"${SRCROOT}/Pods/Target Support Files/Pods/Pods-frameworks.sh\"\n";
			showEnvVarsInLog = 0;
		};
		92496127BF43B8B8A22D3FD0 /* Check Pods Manifest.lock */ = {
			isa = PBXShellScriptBuildPhase;
			buildActionMask = 2147483647;
			files = (
			);
			inputPaths = (
			);
			name = "Check Pods Manifest.lock";
			outputPaths = (
			);
			runOnlyForDeploymentPostprocessing = 0;
			shellPath = /bin/sh;
			shellScript = "diff \"${PODS_ROOT}/../Podfile.lock\" \"${PODS_ROOT}/Manifest.lock\" > /dev/null\nif [[ $? != 0 ]] ; then\n    cat << EOM\nerror: The sandbox is not in sync with the Podfile.lock. Run 'pod install' or update your CocoaPods installation.\nEOM\n    exit 1\nfi\n";
			showEnvVarsInLog = 0;
		};
		9E4DBCFB9126092F8018B3D0 /* Copy Pods Resources */ = {
			isa = PBXShellScriptBuildPhase;
			buildActionMask = 2147483647;
			files = (
			);
			inputPaths = (
			);
			name = "Copy Pods Resources";
			outputPaths = (
			);
			runOnlyForDeploymentPostprocessing = 0;
			shellPath = /bin/sh;
			shellScript = "\"${SRCROOT}/Pods/Target Support Files/Pods/Pods-resources.sh\"\n";
			showEnvVarsInLog = 0;
		};
/* End PBXShellScriptBuildPhase section */

/* Begin PBXSourcesBuildPhase section */
		3C315F5C1ADF5F360040FF99 /* Sources */ = {
			isa = PBXSourcesBuildPhase;
			buildActionMask = 2147483647;
			files = (
				3C63D9221B38591A00EF6196 /* NSStream.swift in Sources */,
				3C63D9241B38591A00EF6196 /* String.swift in Sources */,
				3C7FBCFB1B3C374B000DF45B /* NSObject+MJKeyValue.m in Sources */,
				3C63D9251B38591A00EF6196 /* UIImage.swift in Sources */,
				3C3A398A1B3AB4940039D248 /* Request.swift in Sources */,
				3C63D92A1B38596900EF6196 /* KSButton.swift in Sources */,
				3C63D9071B3858AA00EF6196 /* SearchViewController.swift in Sources */,
				3C63D9041B38589B00EF6196 /* KSPersonListViewController.swift in Sources */,
				3C63D9051B38589B00EF6196 /* KSPersonViewController.swift in Sources */,
				3C63D9471B385A0900EF6196 /* User.swift in Sources */,
				3CB3DDFD1AF5F4EE00289E8B /* KMPlaceholderTextView.swift in Sources */,
				3C63D9181B3858E400EF6196 /* KSPickerView.swift in Sources */,
				3C63D9341B3859C000EF6196 /* KSDefault.swift in Sources */,
				3C63D9231B38591A00EF6196 /* NSUserDefaults.swift in Sources */,
				3CB3DDE11AF5F4AE00289E8B /* KSMessageContentView.swift in Sources */,
				3C63D9161B3858E400EF6196 /* KSMessageListTableViewCell.swift in Sources */,
				3C63D9371B3859C000EF6196 /* KSUserHelper.swift in Sources */,
				3C63D9261B38591A00EF6196 /* UIView.swift in Sources */,
				3C63D9151B3858E400EF6196 /* KSLanguageTableViewCell.swift in Sources */,
				3C7FBCFC1B3C374B000DF45B /* NSObject+MJProperty.m in Sources */,
				3C315F661ADF5F370040FF99 /* AppDelegate.swift in Sources */,
				3CB3DDDD1AF5F4AE00289E8B /* KSChattingViewController.swift in Sources */,
				3C7FBCFA1B3C374B000DF45B /* NSObject+MJCoding.m in Sources */,
				3C7FBCFD1B3C374B000DF45B /* NSString+MJExtension.m in Sources */,
				3C63D9191B3858E400EF6196 /* KSPlayAudioTableViewCell.swift in Sources */,
				3C63D90B1B3858B900EF6196 /* MessageViewController.swift in Sources */,
				3C63D9211B38591A00EF6196 /* Color.swift in Sources */,
				3C7FBCF81B3C374B000DF45B /* MJProperty.m in Sources */,
				3C63D94B1B385A5B00EF6196 /* MainStoryboard.swift in Sources */,
				3CB3DDDC1AF5F4AE00289E8B /* KSChatTableView.swift in Sources */,
				3CB3DDDA1AF5F4AE00289E8B /* KSAVAudioPlayer.swift in Sources */,
				3C63D9171B3858E400EF6196 /* KSPersonListTableViewCell.swift in Sources */,
				3C63D90D1B3858CC00EF6196 /* MeViewController.swift in Sources */,
				3C63D8FB1B38582C00EF6196 /* KSTabBarViewController.swift in Sources */,
				3CB3DDDB1AF5F4AE00289E8B /* KSAVAudioRecorder.swift in Sources */,
				3C63D92E1B38599000EF6196 /* KSTableViewController.swift in Sources */,
				3C63D92F1B38599000EF6196 /* KSTabTableViewController.swift in Sources */,
				3C63D8FF1B38585200EF6196 /* KSRegistViewController.swift in Sources */,
				3CB3DDDE1AF5F4AE00289E8B /* KSInputMessageView.swift in Sources */,
				3C7FBCF61B3C374B000DF45B /* MJConst.m in Sources */,
				3C63D9511B385AE900EF6196 /* PolyGe.xcdatamodeld in Sources */,
				3CB3DDE21AF5F4AE00289E8B /* KSProgressHUD.swift in Sources */,
				3C63D9451B385A0900EF6196 /* Message.swift in Sources */,
				3CB3DDE41AF5F4CC00289E8B /* AF+Date+Extension.swift in Sources */,
				3C63D9351B3859C000EF6196 /* KSEnum.swift in Sources */,
				3C63D90A1B3858B900EF6196 /* ChattingViewController.swift in Sources */,
				3CB3DDE01AF5F4AE00289E8B /* KSMessageCell.swift in Sources */,
				3C63D9271B38591A00EF6196 /* UIViewController.swift in Sources */,
				3C7FBCF71B3C374B000DF45B /* MJFoundation.m in Sources */,
				3C63D9361B3859C000EF6196 /* KSNotificationHelp.swift in Sources */,
				3C7FBCF91B3C374B000DF45B /* MJType.m in Sources */,
				3C63D9031B38589B00EF6196 /* HomeViewController.swift in Sources */,
				3C63D9141B3858E400EF6196 /* KSFrendListTableViewCell.swift in Sources */,
				3C63D92B1B38596900EF6196 /* KSColor.swift in Sources */,
				3C63D8FE1B38585200EF6196 /* KSLoginViewController.swift in Sources */,
			);
			runOnlyForDeploymentPostprocessing = 0;
		};
/* End PBXSourcesBuildPhase section */

/* Begin PBXVariantGroup section */
		3C63D94E1B385A7B00EF6196 /* Login.storyboard */ = {
			isa = PBXVariantGroup;
			children = (
				3C63D94D1B385A7B00EF6196 /* Base */,
			);
			name = Login.storyboard;
			path = Xib;
			sourceTree = "<group>";
		};
		3C63D9521B385B6700EF6196 /* Main.storyboard */ = {
			isa = PBXVariantGroup;
			children = (
				3C63D9531B385B6700EF6196 /* Base */,
			);
			name = Main.storyboard;
			sourceTree = "<group>";
		};
/* End PBXVariantGroup section */

/* Begin XCBuildConfiguration section */
		3C315F7F1ADF5F370040FF99 /* Debug */ = {
			isa = XCBuildConfiguration;
			buildSettings = {
				ALWAYS_SEARCH_USER_PATHS = NO;
				CLANG_CXX_LANGUAGE_STANDARD = "gnu++0x";
				CLANG_CXX_LIBRARY = "libc++";
				CLANG_ENABLE_MODULES = YES;
				CLANG_ENABLE_OBJC_ARC = YES;
				CLANG_WARN_BOOL_CONVERSION = YES;
				CLANG_WARN_CONSTANT_CONVERSION = YES;
				CLANG_WARN_DIRECT_OBJC_ISA_USAGE = YES_ERROR;
				CLANG_WARN_EMPTY_BODY = YES;
				CLANG_WARN_ENUM_CONVERSION = YES;
				CLANG_WARN_INT_CONVERSION = YES;
				CLANG_WARN_OBJC_ROOT_CLASS = YES_ERROR;
				CLANG_WARN_UNREACHABLE_CODE = YES;
				CLANG_WARN__DUPLICATE_METHOD_MATCH = YES;
				"CODE_SIGN_IDENTITY[sdk=iphoneos*]" = "iPhone Developer";
				COPY_PHASE_STRIP = NO;
				DEBUG_INFORMATION_FORMAT = "dwarf-with-dsym";
				ENABLE_STRICT_OBJC_MSGSEND = YES;
				ENABLE_TESTABILITY = YES;
				GCC_C_LANGUAGE_STANDARD = gnu99;
				GCC_DYNAMIC_NO_PIC = NO;
				GCC_NO_COMMON_BLOCKS = YES;
				GCC_OPTIMIZATION_LEVEL = 0;
				GCC_PREPROCESSOR_DEFINITIONS = (
					"DEBUG=1",
					"$(inherited)",
				);
				GCC_SYMBOLS_PRIVATE_EXTERN = NO;
				GCC_WARN_64_TO_32_BIT_CONVERSION = YES;
				GCC_WARN_ABOUT_RETURN_TYPE = YES_ERROR;
				GCC_WARN_UNDECLARED_SELECTOR = YES;
				GCC_WARN_UNINITIALIZED_AUTOS = YES_AGGRESSIVE;
				GCC_WARN_UNUSED_FUNCTION = YES;
				GCC_WARN_UNUSED_VARIABLE = YES;
				IPHONEOS_DEPLOYMENT_TARGET = 8.0;
				MTL_ENABLE_DEBUG_INFO = YES;
				ONLY_ACTIVE_ARCH = YES;
				SDKROOT = iphoneos;
				SWIFT_OPTIMIZATION_LEVEL = "-Onone";
			};
			name = Debug;
		};
		3C315F801ADF5F370040FF99 /* Release */ = {
			isa = XCBuildConfiguration;
			buildSettings = {
				ALWAYS_SEARCH_USER_PATHS = NO;
				CLANG_CXX_LANGUAGE_STANDARD = "gnu++0x";
				CLANG_CXX_LIBRARY = "libc++";
				CLANG_ENABLE_MODULES = YES;
				CLANG_ENABLE_OBJC_ARC = YES;
				CLANG_WARN_BOOL_CONVERSION = YES;
				CLANG_WARN_CONSTANT_CONVERSION = YES;
				CLANG_WARN_DIRECT_OBJC_ISA_USAGE = YES_ERROR;
				CLANG_WARN_EMPTY_BODY = YES;
				CLANG_WARN_ENUM_CONVERSION = YES;
				CLANG_WARN_INT_CONVERSION = YES;
				CLANG_WARN_OBJC_ROOT_CLASS = YES_ERROR;
				CLANG_WARN_UNREACHABLE_CODE = YES;
				CLANG_WARN__DUPLICATE_METHOD_MATCH = YES;
				"CODE_SIGN_IDENTITY[sdk=iphoneos*]" = "iPhone Developer";
				COPY_PHASE_STRIP = NO;
				DEBUG_INFORMATION_FORMAT = "dwarf-with-dsym";
				ENABLE_NS_ASSERTIONS = NO;
				ENABLE_STRICT_OBJC_MSGSEND = YES;
				GCC_C_LANGUAGE_STANDARD = gnu99;
				GCC_NO_COMMON_BLOCKS = YES;
				GCC_WARN_64_TO_32_BIT_CONVERSION = YES;
				GCC_WARN_ABOUT_RETURN_TYPE = YES_ERROR;
				GCC_WARN_UNDECLARED_SELECTOR = YES;
				GCC_WARN_UNINITIALIZED_AUTOS = YES_AGGRESSIVE;
				GCC_WARN_UNUSED_FUNCTION = YES;
				GCC_WARN_UNUSED_VARIABLE = YES;
				IPHONEOS_DEPLOYMENT_TARGET = 8.0;
				MTL_ENABLE_DEBUG_INFO = NO;
				SDKROOT = iphoneos;
				VALIDATE_PRODUCT = YES;
			};
			name = Release;
		};
		3C315F821ADF5F370040FF99 /* Debug */ = {
			isa = XCBuildConfiguration;
			baseConfigurationReference = AB89FF9BC148D0677E9181B0 /* Pods.debug.xcconfig */;
			buildSettings = {
				ASSETCATALOG_COMPILER_APPICON_NAME = AppIcon;
				ASSETCATALOG_COMPILER_LAUNCHIMAGE_NAME = LaunchImage;
				CLANG_ENABLE_MODULES = YES;
				CODE_SIGN_IDENTITY = "iPhone Developer";
				"CODE_SIGN_IDENTITY[sdk=iphoneos*]" = "iPhone Developer";
				FRAMEWORK_SEARCH_PATHS = (
					"$(inherited)",
					"$(PROJECT_DIR)/PolyGe",
				);
				GCC_PRECOMPILE_PREFIX_HEADER = NO;
				GCC_PREFIX_HEADER = "";
				INFOPLIST_FILE = "$(SRCROOT)/PolyGeTests/Info.plist";
				IPHONEOS_DEPLOYMENT_TARGET = 8.0;
				LD_RUNPATH_SEARCH_PATHS = "$(inherited)";
				LIBRARY_SEARCH_PATHS = (
					"$(inherited)",
					"$(PROJECT_DIR)/PolyGe",
				);
				OTHER_LDFLAGS = "";
				PRODUCT_BUNDLE_IDENTIFIER = "king.$(PRODUCT_NAME:rfc1034identifier)";
				PRODUCT_NAME = "$(TARGET_NAME)";
				PROVISIONING_PROFILE = "";
				SWIFT_OBJC_BRIDGING_HEADER = "PolyGe/PolyGe-Bridging-Header.h";
				SWIFT_OPTIMIZATION_LEVEL = "-Onone";
			};
			name = Debug;
		};
		3C315F831ADF5F370040FF99 /* Release */ = {
			isa = XCBuildConfiguration;
			baseConfigurationReference = 579B045C10844C1DCF15FCF1 /* Pods.release.xcconfig */;
			buildSettings = {
				ASSETCATALOG_COMPILER_APPICON_NAME = AppIcon;
				ASSETCATALOG_COMPILER_LAUNCHIMAGE_NAME = LaunchImage;
				CLANG_ENABLE_MODULES = YES;
				CODE_SIGN_IDENTITY = "iPhone Developer";
				"CODE_SIGN_IDENTITY[sdk=iphoneos*]" = "iPhone Developer";
				FRAMEWORK_SEARCH_PATHS = (
					"$(inherited)",
					"$(PROJECT_DIR)/PolyGe",
				);
				GCC_PRECOMPILE_PREFIX_HEADER = NO;
				GCC_PREFIX_HEADER = "";
				INFOPLIST_FILE = "$(SRCROOT)/PolyGeTests/Info.plist";
				IPHONEOS_DEPLOYMENT_TARGET = 8.0;
				LD_RUNPATH_SEARCH_PATHS = "$(inherited)";
				LIBRARY_SEARCH_PATHS = (
					"$(inherited)",
					"$(PROJECT_DIR)/PolyGe",
				);
				OTHER_LDFLAGS = "";
				PRODUCT_BUNDLE_IDENTIFIER = "king.$(PRODUCT_NAME:rfc1034identifier)";
				PRODUCT_NAME = "$(TARGET_NAME)";
				PROVISIONING_PROFILE = "";
				SWIFT_OBJC_BRIDGING_HEADER = "PolyGe/PolyGe-Bridging-Header.h";
			};
			name = Release;
		};
/* End XCBuildConfiguration section */

/* Begin XCConfigurationList section */
		3C315F5B1ADF5F360040FF99 /* Build configuration list for PBXProject "PolyGe" */ = {
			isa = XCConfigurationList;
			buildConfigurations = (
				3C315F7F1ADF5F370040FF99 /* Debug */,
				3C315F801ADF5F370040FF99 /* Release */,
			);
			defaultConfigurationIsVisible = 0;
			defaultConfigurationName = Release;
		};
		3C315F811ADF5F370040FF99 /* Build configuration list for PBXNativeTarget "PolyGe" */ = {
			isa = XCConfigurationList;
			buildConfigurations = (
				3C315F821ADF5F370040FF99 /* Debug */,
				3C315F831ADF5F370040FF99 /* Release */,
			);
			defaultConfigurationIsVisible = 0;
			defaultConfigurationName = Release;
		};
/* End XCConfigurationList section */

/* Begin XCVersionGroup section */
		3C63D94F1B385AE900EF6196 /* PolyGe.xcdatamodeld */ = {
			isa = XCVersionGroup;
			children = (
				3C63D9501B385AE900EF6196 /* PolyGe.xcdatamodel */,
			);
			currentVersion = 3C63D9501B385AE900EF6196 /* PolyGe.xcdatamodel */;
			name = PolyGe.xcdatamodeld;
			path = Model/PolyGe.xcdatamodeld;
			sourceTree = "<group>";
			versionGroupType = wrapper.xcdatamodel;
		};
/* End XCVersionGroup section */
	};
	rootObject = 3C315F581ADF5F360040FF99 /* Project object */;
}
