PODS:
  - Alamofire (HEAD based on 1.2.1)
  - AlecrimCoreData (HEAD based on 3.0-beta.8)
  - APIKit (HEAD based on 0.8.0):
    - Result (~> 0.4)
  - Async (1.2.0)
  - Box (1.2.0)
  - Cartography (HEAD based on 0.5.0)
  - CryptoSwift (HEAD based on 0.0.10)
  - Kingfisher (HEAD based on 1.4.1)
  - ObjectMapper (HEAD based on 0.11)
  - Result (0.4):
    - Box (~> 1.2)
  - Starscream (HEAD based on 0.9.3)
  - SwiftyJSON (HEAD based on 2.2.0)

DEPENDENCIES:
  - Alamofire (HEAD)
  - AlecrimCoreData (HEAD)
  - APIKit (HEAD)
  - Async (from `https://github.com/duemunk/Async.git`)
  - Cartography (HEAD)
  - CryptoSwift (HEAD)
  - Kingfisher (HEAD)
  - ObjectMapper (HEAD)
  - Starscream (HEAD)
  - SwiftyJSON (HEAD)

EXTERNAL SOURCES:
  Async:
    :git: https://github.com/duemunk/Async.git

CHECKOUT OPTIONS:
  Async:
    :commit: 0e05c54211957d37847e9dd7a1b31424ea106787
    :git: https://github.com/duemunk/Async.git

SPEC CHECKSUMS:
  Alamofire: 1acfdf179aff68b41a48dff70c1ac7fa263e2bcb
  AlecrimCoreData: dcadbd57abc6bedab587641492e6266dc5749692
  APIKit: 82c21586bca23e67711d2dd4a3b6658c0bf8076a
  Async: aba7b48a4cd05dae27d1affce2f48f2ed61e75f9
  Box: 3345df1dee5c8cd639a663e368427c51f931d095
  Cartography: 774e5cc446f5a6bca5d4345c5aa6af9a1fe74dc6
  CryptoSwift: 3b886d001f50deb65623a8967d68f6b8bf8d9ba1
  Kingfisher: 962a21cdc2a7b0fa63be3b2c45ea6f180feda535
  ObjectMapper: fc34b29bb04086ed831174a01c8310b507a6ba25
  Result: 03957bbe943dd96a9f12ff1c6b5ac65c8a6b64aa
  Starscream: b5d9ce738fcf55c23bb2174c368a6490e946d831
  SwiftyJSON: 0b3e6c07af17ff745e77e8e9984097b55c956e5c

COCOAPODS: 0.37.1
