PODS:
  - Alamofire (1.2.3)
  - Async (1.2.1)
  - Box (1.2.2)
  - Cartography (0.5.0)
  - CryptoSwift (0.0.11)
  - Kingfisher (1.4.1)
  - MagicalRecord (2.3.0)
  - MBProgressHUD (0.9.1)
  - MJExtension (2.3.7)
  - ObjectMapper (0.12)
  - Result (HEAD based on 0.4.4):
    - Box (~> 1.2)
  - Starscream (0.9.4)
  - SwiftyJSON (2.2.0)

DEPENDENCIES:
  - Alamofire (from `https://github.com/Alamofire/Alamofire.git`, branch `swift-2.0`)
  - Async (from `https://github.com/duemunk/Async.git`, branch `feature/Swift_2.0`)
  - Cartography (from `https://github.com/robb/Cartography.git`, branch `swift-2.0`)
  - CryptoSwift (from `https://github.com/krzyzanowskim/CryptoSwift`, branch `swift20`)
  - Kingfisher (from `https://github.com/onevcat/Kingfisher.git`, branch `swift-2.0`)
  - MagicalRecord
  - MBProgressHUD
  - MJExtension
  - ObjectMapper (from `https://github.com/Hearst-DD/ObjectMapper.git`, branch `swift-2.0`)
  - Result (HEAD)
  - Starscream (from `https://github.com/daltoniam/Starscream.git`, branch `Swift-2.0`)
  - SwiftyJSON (from `https://github.com/SwiftyJSON/SwiftyJSON.git`, branch `xcode7`)

EXTERNAL SOURCES:
  Alamofire:
    :branch: swift-2.0
    :git: https://github.com/Alamofire/Alamofire.git
  Async:
    :branch: feature/Swift_2.0
    :git: https://github.com/duemunk/Async.git
  Cartography:
    :branch: swift-2.0
    :git: https://github.com/robb/Cartography.git
  CryptoSwift:
    :branch: swift20
    :git: https://github.com/krzyzanowskim/CryptoSwift
  Kingfisher:
    :branch: swift-2.0
    :git: https://github.com/onevcat/Kingfisher.git
  ObjectMapper:
    :branch: swift-2.0
    :git: https://github.com/Hearst-DD/ObjectMapper.git
  Starscream:
    :branch: Swift-2.0
    :git: https://github.com/daltoniam/Starscream.git
  SwiftyJSON:
    :branch: xcode7
    :git: https://github.com/SwiftyJSON/SwiftyJSON.git

CHECKOUT OPTIONS:
  Alamofire:
    :commit: fd71afb3a0af2042b9f05a6b9f29317ad4903703
    :git: https://github.com/Alamofire/Alamofire.git
  Async:
    :commit: 23aaf8d7f2e4dc593e87db739b68c58ecb9d19ac
    :git: https://github.com/duemunk/Async.git
  Cartography:
    :commit: 7c0bdca4b6f0be4e14f9179de59473306227c714
    :git: https://github.com/robb/Cartography.git
  CryptoSwift:
    :commit: 674cc15c32db9f45b17e8cf90b1dd25e16f12bc4
    :git: https://github.com/krzyzanowskim/CryptoSwift
  Kingfisher:
    :commit: 2283c950d5c85f189f4ed35858245d109f3de5e0
    :git: https://github.com/onevcat/Kingfisher.git
  ObjectMapper:
    :commit: 813c3be393307c4c27a5cbc7b3223073bea1f21d
    :git: https://github.com/Hearst-DD/ObjectMapper.git
  Starscream:
    :commit: a69929fbc15d08eb4df32024189dd2e71dfbe322
    :git: https://github.com/daltoniam/Starscream.git
  SwiftyJSON:
    :commit: fb9f6b43cd8d3684c3129793057eb2a2564e2430
    :git: https://github.com/SwiftyJSON/SwiftyJSON.git

SPEC CHECKSUMS:
  Alamofire: 5550bf0b575ed1a4bf9be572f9463e1015cc169e
  Async: d9ee6fc9c415d44fcb892f4c289d1e79ce8ae92d
  Box: a92e8aa4c099e6bc0733829665caf9e668ef53b8
  Cartography: 774e5cc446f5a6bca5d4345c5aa6af9a1fe74dc6
  CryptoSwift: 0ab68b71eaff076bddb1de4e5ac9f85f61c023e2
  Kingfisher: 962a21cdc2a7b0fa63be3b2c45ea6f180feda535
  MagicalRecord: 89eb7d7ead39fb37f01c3d010665ee94d17f8dba
  MBProgressHUD: c47f2c166c126cf2ce36498d80f33e754d4e93ad
  MJExtension: ab4e7c529b2c7a705e6f78f73e33d97929a42b39
  ObjectMapper: ef4a369cbab75546029ceb7e8155772b5f8e8841
  Result: b44f6bc8762bbffaf2c5df58f2c7d12c3496ced8
  Starscream: 0ad8f312bb826c3d7610bd842d66528eee34ad81
  SwiftyJSON: 0b3e6c07af17ff745e77e8e9984097b55c956e5c

COCOAPODS: 0.37.2
